
Microsoft Visual Studio Solution File, Format Version 12.00
# Visual Studio Version 16
Project("{2150E333-8FDC-42A3-9474-1A3956D46DE8}") = "CMakePredefinedTargets", "CMakePredefinedTargets", "{9BB24FA0-E70C-3E68-BA7A-144DD3517739}"
EndProject
Project("{2150E333-8FDC-42A3-9474-1A3956D46DE8}") = "External", "External", "{5B267C98-65BF-36A9-8A77-01E93672314B}"
EndProject
Project("{2150E333-8FDC-42A3-9474-1A3956D46DE8}") = "Internal", "Internal", "{F81EC5AA-E9F6-31EE-A2CE-9C11EB387B3A}"
EndProject
Project("{2150E333-8FDC-42A3-9474-1A3956D46DE8}") = "Utils", "Utils", "{38042AB3-2670-3504-BC0A-006665344138}"
EndProject
Project("{8BC9CEB8-8B4A-11D0-8D11-00A0C91BC942}") = "ALL_BUILD", "ALL_BUILD.vcxproj", "{2A4B4179-4A11-32EE-B20D-AC75897B6AC8}"
	ProjectSection(ProjectDependencies) = postProject
		{33C39A33-C7A6-3686-AE19-A27F7FA7A87F} = {33C39A33-C7A6-3686-AE19-A27F7FA7A87F}
		{7F57B1E5-6BF6-3812-9978-4084AF59EC52} = {7F57B1E5-6BF6-3812-9978-4084AF59EC52}
		{8169E839-BDA6-3F18-99A8-23AFFCC74B44} = {8169E839-BDA6-3F18-99A8-23AFFCC74B44}
		{93AA332F-2EB0-3E65-A8AC-8692D38F8FAF} = {93AA332F-2EB0-3E65-A8AC-8692D38F8FAF}
		{8FCB6D2A-42E6-3684-B3A5-1A79F06B051F} = {8FCB6D2A-42E6-3684-B3A5-1A79F06B051F}
		{A851A69A-9182-3F26-9678-45F8A2D9B6A4} = {A851A69A-9182-3F26-9678-45F8A2D9B6A4}
		{579913E3-2862-3931-A333-E8390CEADF99} = {579913E3-2862-3931-A333-E8390CEADF99}
		{CA5953B3-3ADE-393F-A8E6-E3F4BE4C745C} = {CA5953B3-3ADE-393F-A8E6-E3F4BE4C745C}
		{3FCCAAE7-DD20-3869-9388-0CEE6C2CCDC3} = {3FCCAAE7-DD20-3869-9388-0CEE6C2CCDC3}
		{59C7C4B3-1806-38F3-9E35-A8828FA2DC6F} = {59C7C4B3-1806-38F3-9E35-A8828FA2DC6F}
		{BF77F86D-A1A7-3B59-AE20-636F238C87EC} = {BF77F86D-A1A7-3B59-AE20-636F238C87EC}
		{FA036A4F-8948-32F2-8B78-F33F2A53AD91} = {FA036A4F-8948-32F2-8B78-F33F2A53AD91}
		{DB564957-1FC6-3C82-9A74-3B065F620333} = {DB564957-1FC6-3C82-9A74-3B065F620333}
		{9F2059B9-B86F-374D-8075-8CE69DB15F5F} = {9F2059B9-B86F-374D-8075-8CE69DB15F5F}
		{7A9958F7-C101-3DC3-83DE-5B0BBC737604} = {7A9958F7-C101-3DC3-83DE-5B0BBC737604}
	EndProjectSection
EndProject
Project("{8BC9CEB8-8B4A-11D0-8D11-00A0C91BC942}") = "PuzzleStudy", "PuzzleStudy.vcxproj", "{33C39A33-C7A6-3686-AE19-A27F7FA7A87F}"
	ProjectSection(ProjectDependencies) = postProject
		{7F57B1E5-6BF6-3812-9978-4084AF59EC52} = {7F57B1E5-6BF6-3812-9978-4084AF59EC52}
		{8169E839-BDA6-3F18-99A8-23AFFCC74B44} = {8169E839-BDA6-3F18-99A8-23AFFCC74B44}
		{93AA332F-2EB0-3E65-A8AC-8692D38F8FAF} = {93AA332F-2EB0-3E65-A8AC-8692D38F8FAF}
		{8FCB6D2A-42E6-3684-B3A5-1A79F06B051F} = {8FCB6D2A-42E6-3684-B3A5-1A79F06B051F}
		{A851A69A-9182-3F26-9678-45F8A2D9B6A4} = {A851A69A-9182-3F26-9678-45F8A2D9B6A4}
		{579913E3-2862-3931-A333-E8390CEADF99} = {579913E3-2862-3931-A333-E8390CEADF99}
		{CA5953B3-3ADE-393F-A8E6-E3F4BE4C745C} = {CA5953B3-3ADE-393F-A8E6-E3F4BE4C745C}
		{3FCCAAE7-DD20-3869-9388-0CEE6C2CCDC3} = {3FCCAAE7-DD20-3869-9388-0CEE6C2CCDC3}
		{59C7C4B3-1806-38F3-9E35-A8828FA2DC6F} = {59C7C4B3-1806-38F3-9E35-A8828FA2DC6F}
		{BF77F86D-A1A7-3B59-AE20-636F238C87EC} = {BF77F86D-A1A7-3B59-AE20-636F238C87EC}
		{FA036A4F-8948-32F2-8B78-F33F2A53AD91} = {FA036A4F-8948-32F2-8B78-F33F2A53AD91}
		{DB564957-1FC6-3C82-9A74-3B065F620333} = {DB564957-1FC6-3C82-9A74-3B065F620333}
		{9F2059B9-B86F-374D-8075-8CE69DB15F5F} = {9F2059B9-B86F-374D-8075-8CE69DB15F5F}
		{7A9958F7-C101-3DC3-83DE-5B0BBC737604} = {7A9958F7-C101-3DC3-83DE-5B0BBC737604}
	EndProjectSection
EndProject
Project("{8BC9CEB8-8B4A-11D0-8D11-00A0C91BC942}") = "SYNC_RESOURCE-PuzzleStudy", "SYNC_RESOURCE-PuzzleStudy.vcxproj", "{7F57B1E5-6BF6-3812-9978-4084AF59EC52}"
	ProjectSection(ProjectDependencies) = postProject
		{8169E839-BDA6-3F18-99A8-23AFFCC74B44} = {8169E839-BDA6-3F18-99A8-23AFFCC74B44}
	EndProjectSection
EndProject
Project("{8BC9CEB8-8B4A-11D0-8D11-00A0C91BC942}") = "ZERO_CHECK", "ZERO_CHECK.vcxproj", "{8169E839-BDA6-3F18-99A8-23AFFCC74B44}"
	ProjectSection(ProjectDependencies) = postProject
	EndProjectSection
EndProject
Project("{8BC9CEB8-8B4A-11D0-8D11-00A0C91BC942}") = "cocos2d", "engine\cocos\core\cocos2d.vcxproj", "{93AA332F-2EB0-3E65-A8AC-8692D38F8FAF}"
	ProjectSection(ProjectDependencies) = postProject
		{8169E839-BDA6-3F18-99A8-23AFFCC74B44} = {8169E839-BDA6-3F18-99A8-23AFFCC74B44}
		{8FCB6D2A-42E6-3684-B3A5-1A79F06B051F} = {8FCB6D2A-42E6-3684-B3A5-1A79F06B051F}
		{A851A69A-9182-3F26-9678-45F8A2D9B6A4} = {A851A69A-9182-3F26-9678-45F8A2D9B6A4}
		{579913E3-2862-3931-A333-E8390CEADF99} = {579913E3-2862-3931-A333-E8390CEADF99}
		{CA5953B3-3ADE-393F-A8E6-E3F4BE4C745C} = {CA5953B3-3ADE-393F-A8E6-E3F4BE4C745C}
		{3FCCAAE7-DD20-3869-9388-0CEE6C2CCDC3} = {3FCCAAE7-DD20-3869-9388-0CEE6C2CCDC3}
		{59C7C4B3-1806-38F3-9E35-A8828FA2DC6F} = {59C7C4B3-1806-38F3-9E35-A8828FA2DC6F}
		{BF77F86D-A1A7-3B59-AE20-636F238C87EC} = {BF77F86D-A1A7-3B59-AE20-636F238C87EC}
		{FA036A4F-8948-32F2-8B78-F33F2A53AD91} = {FA036A4F-8948-32F2-8B78-F33F2A53AD91}
		{DB564957-1FC6-3C82-9A74-3B065F620333} = {DB564957-1FC6-3C82-9A74-3B065F620333}
		{9F2059B9-B86F-374D-8075-8CE69DB15F5F} = {9F2059B9-B86F-374D-8075-8CE69DB15F5F}
		{7A9958F7-C101-3DC3-83DE-5B0BBC737604} = {7A9958F7-C101-3DC3-83DE-5B0BBC737604}
	EndProjectSection
EndProject
Project("{8BC9CEB8-8B4A-11D0-8D11-00A0C91BC942}") = "ext_clipper", "engine\external\clipper\ext_clipper.vcxproj", "{8FCB6D2A-42E6-3684-B3A5-1A79F06B051F}"
	ProjectSection(ProjectDependencies) = postProject
		{8169E839-BDA6-3F18-99A8-23AFFCC74B44} = {8169E839-BDA6-3F18-99A8-23AFFCC74B44}
	EndProjectSection
EndProject
Project("{8BC9CEB8-8B4A-11D0-8D11-00A0C91BC942}") = "ext_convertUTF", "engine\external\ConvertUTF\ext_convertUTF.vcxproj", "{A851A69A-9182-3F26-9678-45F8A2D9B6A4}"
	ProjectSection(ProjectDependencies) = postProject
		{8169E839-BDA6-3F18-99A8-23AFFCC74B44} = {8169E839-BDA6-3F18-99A8-23AFFCC74B44}
	EndProjectSection
EndProject
Project("{8BC9CEB8-8B4A-11D0-8D11-00A0C91BC942}") = "ext_edtaa3func", "engine\external\edtaa3func\ext_edtaa3func.vcxproj", "{579913E3-2862-3931-A333-E8390CEADF99}"
	ProjectSection(ProjectDependencies) = postProject
		{8169E839-BDA6-3F18-99A8-23AFFCC74B44} = {8169E839-BDA6-3F18-99A8-23AFFCC74B44}
	EndProjectSection
EndProject
Project("{8BC9CEB8-8B4A-11D0-8D11-00A0C91BC942}") = "ext_md5", "engine\external\md5\ext_md5.vcxproj", "{CA5953B3-3ADE-393F-A8E6-E3F4BE4C745C}"
	ProjectSection(ProjectDependencies) = postProject
		{8169E839-BDA6-3F18-99A8-23AFFCC74B44} = {8169E839-BDA6-3F18-99A8-23AFFCC74B44}
	EndProjectSection
EndProject
Project("{8BC9CEB8-8B4A-11D0-8D11-00A0C91BC942}") = "ext_poly2tri", "engine\external\poly2tri\ext_poly2tri.vcxproj", "{3FCCAAE7-DD20-3869-9388-0CEE6C2CCDC3}"
	ProjectSection(ProjectDependencies) = postProject
		{8169E839-BDA6-3F18-99A8-23AFFCC74B44} = {8169E839-BDA6-3F18-99A8-23AFFCC74B44}
	EndProjectSection
EndProject
Project("{8BC9CEB8-8B4A-11D0-8D11-00A0C91BC942}") = "ext_recast", "engine\external\recast\ext_recast.vcxproj", "{59C7C4B3-1806-38F3-9E35-A8828FA2DC6F}"
	ProjectSection(ProjectDependencies) = postProject
		{8169E839-BDA6-3F18-99A8-23AFFCC74B44} = {8169E839-BDA6-3F18-99A8-23AFFCC74B44}
	EndProjectSection
EndProject
Project("{8BC9CEB8-8B4A-11D0-8D11-00A0C91BC942}") = "ext_tinyxml2", "engine\external\tinyxml2\ext_tinyxml2.vcxproj", "{BF77F86D-A1A7-3B59-AE20-636F238C87EC}"
	ProjectSection(ProjectDependencies) = postProject
		{8169E839-BDA6-3F18-99A8-23AFFCC74B44} = {8169E839-BDA6-3F18-99A8-23AFFCC74B44}
	EndProjectSection
EndProject
Project("{8BC9CEB8-8B4A-11D0-8D11-00A0C91BC942}") = "ext_unzip", "engine\external\unzip\ext_unzip.vcxproj", "{FA036A4F-8948-32F2-8B78-F33F2A53AD91}"
	ProjectSection(ProjectDependencies) = postProject
		{8169E839-BDA6-3F18-99A8-23AFFCC74B44} = {8169E839-BDA6-3F18-99A8-23AFFCC74B44}
	EndProjectSection
EndProject
Project("{8BC9CEB8-8B4A-11D0-8D11-00A0C91BC942}") = "ext_xxhash", "engine\external\xxhash\ext_xxhash.vcxproj", "{DB564957-1FC6-3C82-9A74-3B065F620333}"
	ProjectSection(ProjectDependencies) = postProject
		{8169E839-BDA6-3F18-99A8-23AFFCC74B44} = {8169E839-BDA6-3F18-99A8-23AFFCC74B44}
	EndProjectSection
EndProject
Project("{8BC9CEB8-8B4A-11D0-8D11-00A0C91BC942}") = "ext_xxtea", "engine\external\xxtea\ext_xxtea.vcxproj", "{9F2059B9-B86F-374D-8075-8CE69DB15F5F}"
	ProjectSection(ProjectDependencies) = postProject
		{8169E839-BDA6-3F18-99A8-23AFFCC74B44} = {8169E839-BDA6-3F18-99A8-23AFFCC74B44}
	EndProjectSection
EndProject
Project("{8BC9CEB8-8B4A-11D0-8D11-00A0C91BC942}") = "external", "engine\external\external.vcxproj", "{7A9958F7-C101-3DC3-83DE-5B0BBC737604}"
	ProjectSection(ProjectDependencies) = postProject
		{8169E839-BDA6-3F18-99A8-23AFFCC74B44} = {8169E839-BDA6-3F18-99A8-23AFFCC74B44}
		{8FCB6D2A-42E6-3684-B3A5-1A79F06B051F} = {8FCB6D2A-42E6-3684-B3A5-1A79F06B051F}
		{A851A69A-9182-3F26-9678-45F8A2D9B6A4} = {A851A69A-9182-3F26-9678-45F8A2D9B6A4}
		{579913E3-2862-3931-A333-E8390CEADF99} = {579913E3-2862-3931-A333-E8390CEADF99}
		{CA5953B3-3ADE-393F-A8E6-E3F4BE4C745C} = {CA5953B3-3ADE-393F-A8E6-E3F4BE4C745C}
		{3FCCAAE7-DD20-3869-9388-0CEE6C2CCDC3} = {3FCCAAE7-DD20-3869-9388-0CEE6C2CCDC3}
		{59C7C4B3-1806-38F3-9E35-A8828FA2DC6F} = {59C7C4B3-1806-38F3-9E35-A8828FA2DC6F}
		{BF77F86D-A1A7-3B59-AE20-636F238C87EC} = {BF77F86D-A1A7-3B59-AE20-636F238C87EC}
		{FA036A4F-8948-32F2-8B78-F33F2A53AD91} = {FA036A4F-8948-32F2-8B78-F33F2A53AD91}
		{DB564957-1FC6-3C82-9A74-3B065F620333} = {DB564957-1FC6-3C82-9A74-3B065F620333}
		{9F2059B9-B86F-374D-8075-8CE69DB15F5F} = {9F2059B9-B86F-374D-8075-8CE69DB15F5F}
	EndProjectSection
EndProject
Global
	GlobalSection(SolutionConfigurationPlatforms) = preSolution
		Debug|Win32 = Debug|Win32
		Release|Win32 = Release|Win32
		MinSizeRel|Win32 = MinSizeRel|Win32
		RelWithDebInfo|Win32 = RelWithDebInfo|Win32
	EndGlobalSection
	GlobalSection(ProjectConfigurationPlatforms) = postSolution
		{2A4B4179-4A11-32EE-B20D-AC75897B6AC8}.Debug|Win32.ActiveCfg = Debug|Win32
		{2A4B4179-4A11-32EE-B20D-AC75897B6AC8}.Release|Win32.ActiveCfg = Release|Win32
		{2A4B4179-4A11-32EE-B20D-AC75897B6AC8}.MinSizeRel|Win32.ActiveCfg = MinSizeRel|Win32
		{2A4B4179-4A11-32EE-B20D-AC75897B6AC8}.RelWithDebInfo|Win32.ActiveCfg = RelWithDebInfo|Win32
		{33C39A33-C7A6-3686-AE19-A27F7FA7A87F}.Debug|Win32.ActiveCfg = Debug|Win32
		{33C39A33-C7A6-3686-AE19-A27F7FA7A87F}.Debug|Win32.Build.0 = Debug|Win32
		{33C39A33-C7A6-3686-AE19-A27F7FA7A87F}.Release|Win32.ActiveCfg = Release|Win32
		{33C39A33-C7A6-3686-AE19-A27F7FA7A87F}.Release|Win32.Build.0 = Release|Win32
		{33C39A33-C7A6-3686-AE19-A27F7FA7A87F}.MinSizeRel|Win32.ActiveCfg = MinSizeRel|Win32
		{33C39A33-C7A6-3686-AE19-A27F7FA7A87F}.MinSizeRel|Win32.Build.0 = MinSizeRel|Win32
		{33C39A33-C7A6-3686-AE19-A27F7FA7A87F}.RelWithDebInfo|Win32.ActiveCfg = RelWithDebInfo|Win32
		{33C39A33-C7A6-3686-AE19-A27F7FA7A87F}.RelWithDebInfo|Win32.Build.0 = RelWithDebInfo|Win32
		{7F57B1E5-6BF6-3812-9978-4084AF59EC52}.Debug|Win32.ActiveCfg = Debug|Win32
		{7F57B1E5-6BF6-3812-9978-4084AF59EC52}.Debug|Win32.Build.0 = Debug|Win32
		{7F57B1E5-6BF6-3812-9978-4084AF59EC52}.Release|Win32.ActiveCfg = Release|Win32
		{7F57B1E5-6BF6-3812-9978-4084AF59EC52}.Release|Win32.Build.0 = Release|Win32
		{7F57B1E5-6BF6-3812-9978-4084AF59EC52}.MinSizeRel|Win32.ActiveCfg = MinSizeRel|Win32
		{7F57B1E5-6BF6-3812-9978-4084AF59EC52}.MinSizeRel|Win32.Build.0 = MinSizeRel|Win32
		{7F57B1E5-6BF6-3812-9978-4084AF59EC52}.RelWithDebInfo|Win32.ActiveCfg = RelWithDebInfo|Win32
		{7F57B1E5-6BF6-3812-9978-4084AF59EC52}.RelWithDebInfo|Win32.Build.0 = RelWithDebInfo|Win32
		{8169E839-BDA6-3F18-99A8-23AFFCC74B44}.Debug|Win32.ActiveCfg = Debug|Win32
		{8169E839-BDA6-3F18-99A8-23AFFCC74B44}.Debug|Win32.Build.0 = Debug|Win32
		{8169E839-BDA6-3F18-99A8-23AFFCC74B44}.Release|Win32.ActiveCfg = Release|Win32
		{8169E839-BDA6-3F18-99A8-23AFFCC74B44}.Release|Win32.Build.0 = Release|Win32
		{8169E839-BDA6-3F18-99A8-23AFFCC74B44}.MinSizeRel|Win32.ActiveCfg = MinSizeRel|Win32
		{8169E839-BDA6-3F18-99A8-23AFFCC74B44}.MinSizeRel|Win32.Build.0 = MinSizeRel|Win32
		{8169E839-BDA6-3F18-99A8-23AFFCC74B44}.RelWithDebInfo|Win32.ActiveCfg = RelWithDebInfo|Win32
		{8169E839-BDA6-3F18-99A8-23AFFCC74B44}.RelWithDebInfo|Win32.Build.0 = RelWithDebInfo|Win32
		{93AA332F-2EB0-3E65-A8AC-8692D38F8FAF}.Debug|Win32.ActiveCfg = Debug|Win32
		{93AA332F-2EB0-3E65-A8AC-8692D38F8FAF}.Debug|Win32.Build.0 = Debug|Win32
		{93AA332F-2EB0-3E65-A8AC-8692D38F8FAF}.Release|Win32.ActiveCfg = Release|Win32
		{93AA332F-2EB0-3E65-A8AC-8692D38F8FAF}.Release|Win32.Build.0 = Release|Win32
		{93AA332F-2EB0-3E65-A8AC-8692D38F8FAF}.MinSizeRel|Win32.ActiveCfg = MinSizeRel|Win32
		{93AA332F-2EB0-3E65-A8AC-8692D38F8FAF}.MinSizeRel|Win32.Build.0 = MinSizeRel|Win32
		{93AA332F-2EB0-3E65-A8AC-8692D38F8FAF}.RelWithDebInfo|Win32.ActiveCfg = RelWithDebInfo|Win32
		{93AA332F-2EB0-3E65-A8AC-8692D38F8FAF}.RelWithDebInfo|Win32.Build.0 = RelWithDebInfo|Win32
		{8FCB6D2A-42E6-3684-B3A5-1A79F06B051F}.Debug|Win32.ActiveCfg = Debug|Win32
		{8FCB6D2A-42E6-3684-B3A5-1A79F06B051F}.Debug|Win32.Build.0 = Debug|Win32
		{8FCB6D2A-42E6-3684-B3A5-1A79F06B051F}.Release|Win32.ActiveCfg = Release|Win32
		{8FCB6D2A-42E6-3684-B3A5-1A79F06B051F}.Release|Win32.Build.0 = Release|Win32
		{8FCB6D2A-42E6-3684-B3A5-1A79F06B051F}.MinSizeRel|Win32.ActiveCfg = MinSizeRel|Win32
		{8FCB6D2A-42E6-3684-B3A5-1A79F06B051F}.MinSizeRel|Win32.Build.0 = MinSizeRel|Win32
		{8FCB6D2A-42E6-3684-B3A5-1A79F06B051F}.RelWithDebInfo|Win32.ActiveCfg = RelWithDebInfo|Win32
		{8FCB6D2A-42E6-3684-B3A5-1A79F06B051F}.RelWithDebInfo|Win32.Build.0 = RelWithDebInfo|Win32
		{A851A69A-9182-3F26-9678-45F8A2D9B6A4}.Debug|Win32.ActiveCfg = Debug|Win32
		{A851A69A-9182-3F26-9678-45F8A2D9B6A4}.Debug|Win32.Build.0 = Debug|Win32
		{A851A69A-9182-3F26-9678-45F8A2D9B6A4}.Release|Win32.ActiveCfg = Release|Win32
		{A851A69A-9182-3F26-9678-45F8A2D9B6A4}.Release|Win32.Build.0 = Release|Win32
		{A851A69A-9182-3F26-9678-45F8A2D9B6A4}.MinSizeRel|Win32.ActiveCfg = MinSizeRel|Win32
		{A851A69A-9182-3F26-9678-45F8A2D9B6A4}.MinSizeRel|Win32.Build.0 = MinSizeRel|Win32
		{A851A69A-9182-3F26-9678-45F8A2D9B6A4}.RelWithDebInfo|Win32.ActiveCfg = RelWithDebInfo|Win32
		{A851A69A-9182-3F26-9678-45F8A2D9B6A4}.RelWithDebInfo|Win32.Build.0 = RelWithDebInfo|Win32
		{579913E3-2862-3931-A333-E8390CEADF99}.Debug|Win32.ActiveCfg = Debug|Win32
		{579913E3-2862-3931-A333-E8390CEADF99}.Debug|Win32.Build.0 = Debug|Win32
		{579913E3-2862-3931-A333-E8390CEADF99}.Release|Win32.ActiveCfg = Release|Win32
		{579913E3-2862-3931-A333-E8390CEADF99}.Release|Win32.Build.0 = Release|Win32
		{579913E3-2862-3931-A333-E8390CEADF99}.MinSizeRel|Win32.ActiveCfg = MinSizeRel|Win32
		{579913E3-2862-3931-A333-E8390CEADF99}.MinSizeRel|Win32.Build.0 = MinSizeRel|Win32
		{579913E3-2862-3931-A333-E8390CEADF99}.RelWithDebInfo|Win32.ActiveCfg = RelWithDebInfo|Win32
		{579913E3-2862-3931-A333-E8390CEADF99}.RelWithDebInfo|Win32.Build.0 = RelWithDebInfo|Win32
		{CA5953B3-3ADE-393F-A8E6-E3F4BE4C745C}.Debug|Win32.ActiveCfg = Debug|Win32
		{CA5953B3-3ADE-393F-A8E6-E3F4BE4C745C}.Debug|Win32.Build.0 = Debug|Win32
		{CA5953B3-3ADE-393F-A8E6-E3F4BE4C745C}.Release|Win32.ActiveCfg = Release|Win32
		{CA5953B3-3ADE-393F-A8E6-E3F4BE4C745C}.Release|Win32.Build.0 = Release|Win32
		{CA5953B3-3ADE-393F-A8E6-E3F4BE4C745C}.MinSizeRel|Win32.ActiveCfg = MinSizeRel|Win32
		{CA5953B3-3ADE-393F-A8E6-E3F4BE4C745C}.MinSizeRel|Win32.Build.0 = MinSizeRel|Win32
		{CA5953B3-3ADE-393F-A8E6-E3F4BE4C745C}.RelWithDebInfo|Win32.ActiveCfg = RelWithDebInfo|Win32
		{CA5953B3-3ADE-393F-A8E6-E3F4BE4C745C}.RelWithDebInfo|Win32.Build.0 = RelWithDebInfo|Win32
		{3FCCAAE7-DD20-3869-9388-0CEE6C2CCDC3}.Debug|Win32.ActiveCfg = Debug|Win32
		{3FCCAAE7-DD20-3869-9388-0CEE6C2CCDC3}.Debug|Win32.Build.0 = Debug|Win32
		{3FCCAAE7-DD20-3869-9388-0CEE6C2CCDC3}.Release|Win32.ActiveCfg = Release|Win32
		{3FCCAAE7-DD20-3869-9388-0CEE6C2CCDC3}.Release|Win32.Build.0 = Release|Win32
		{3FCCAAE7-DD20-3869-9388-0CEE6C2CCDC3}.MinSizeRel|Win32.ActiveCfg = MinSizeRel|Win32
		{3FCCAAE7-DD20-3869-9388-0CEE6C2CCDC3}.MinSizeRel|Win32.Build.0 = MinSizeRel|Win32
		{3FCCAAE7-DD20-3869-9388-0CEE6C2CCDC3}.RelWithDebInfo|Win32.ActiveCfg = RelWithDebInfo|Win32
		{3FCCAAE7-DD20-3869-9388-0CEE6C2CCDC3}.RelWithDebInfo|Win32.Build.0 = RelWithDebInfo|Win32
		{59C7C4B3-1806-38F3-9E35-A8828FA2DC6F}.Debug|Win32.ActiveCfg = Debug|Win32
		{59C7C4B3-1806-38F3-9E35-A8828FA2DC6F}.Debug|Win32.Build.0 = Debug|Win32
		{59C7C4B3-1806-38F3-9E35-A8828FA2DC6F}.Release|Win32.ActiveCfg = Release|Win32
		{59C7C4B3-1806-38F3-9E35-A8828FA2DC6F}.Release|Win32.Build.0 = Release|Win32
		{59C7C4B3-1806-38F3-9E35-A8828FA2DC6F}.MinSizeRel|Win32.ActiveCfg = MinSizeRel|Win32
		{59C7C4B3-1806-38F3-9E35-A8828FA2DC6F}.MinSizeRel|Win32.Build.0 = MinSizeRel|Win32
		{59C7C4B3-1806-38F3-9E35-A8828FA2DC6F}.RelWithDebInfo|Win32.ActiveCfg = RelWithDebInfo|Win32
		{59C7C4B3-1806-38F3-9E35-A8828FA2DC6F}.RelWithDebInfo|Win32.Build.0 = RelWithDebInfo|Win32
		{BF77F86D-A1A7-3B59-AE20-636F238C87EC}.Debug|Win32.ActiveCfg = Debug|Win32
		{BF77F86D-A1A7-3B59-AE20-636F238C87EC}.Debug|Win32.Build.0 = Debug|Win32
		{BF77F86D-A1A7-3B59-AE20-636F238C87EC}.Release|Win32.ActiveCfg = Release|Win32
		{BF77F86D-A1A7-3B59-AE20-636F238C87EC}.Release|Win32.Build.0 = Release|Win32
		{BF77F86D-A1A7-3B59-AE20-636F238C87EC}.MinSizeRel|Win32.ActiveCfg = MinSizeRel|Win32
		{BF77F86D-A1A7-3B59-AE20-636F238C87EC}.MinSizeRel|Win32.Build.0 = MinSizeRel|Win32
		{BF77F86D-A1A7-3B59-AE20-636F238C87EC}.RelWithDebInfo|Win32.ActiveCfg = RelWithDebInfo|Win32
		{BF77F86D-A1A7-3B59-AE20-636F238C87EC}.RelWithDebInfo|Win32.Build.0 = RelWithDebInfo|Win32
		{FA036A4F-8948-32F2-8B78-F33F2A53AD91}.Debug|Win32.ActiveCfg = Debug|Win32
		{FA036A4F-8948-32F2-8B78-F33F2A53AD91}.Debug|Win32.Build.0 = Debug|Win32
		{FA036A4F-8948-32F2-8B78-F33F2A53AD91}.Release|Win32.ActiveCfg = Release|Win32
		{FA036A4F-8948-32F2-8B78-F33F2A53AD91}.Release|Win32.Build.0 = Release|Win32
		{FA036A4F-8948-32F2-8B78-F33F2A53AD91}.MinSizeRel|Win32.ActiveCfg = MinSizeRel|Win32
		{FA036A4F-8948-32F2-8B78-F33F2A53AD91}.MinSizeRel|Win32.Build.0 = MinSizeRel|Win32
		{FA036A4F-8948-32F2-8B78-F33F2A53AD91}.RelWithDebInfo|Win32.ActiveCfg = RelWithDebInfo|Win32
		{FA036A4F-8948-32F2-8B78-F33F2A53AD91}.RelWithDebInfo|Win32.Build.0 = RelWithDebInfo|Win32
		{DB564957-1FC6-3C82-9A74-3B065F620333}.Debug|Win32.ActiveCfg = Debug|Win32
		{DB564957-1FC6-3C82-9A74-3B065F620333}.Debug|Win32.Build.0 = Debug|Win32
		{DB564957-1FC6-3C82-9A74-3B065F620333}.Release|Win32.ActiveCfg = Release|Win32
		{DB564957-1FC6-3C82-9A74-3B065F620333}.Release|Win32.Build.0 = Release|Win32
		{DB564957-1FC6-3C82-9A74-3B065F620333}.MinSizeRel|Win32.ActiveCfg = MinSizeRel|Win32
		{DB564957-1FC6-3C82-9A74-3B065F620333}.MinSizeRel|Win32.Build.0 = MinSizeRel|Win32
		{DB564957-1FC6-3C82-9A74-3B065F620333}.RelWithDebInfo|Win32.ActiveCfg = RelWithDebInfo|Win32
		{DB564957-1FC6-3C82-9A74-3B065F620333}.RelWithDebInfo|Win32.Build.0 = RelWithDebInfo|Win32
		{9F2059B9-B86F-374D-8075-8CE69DB15F5F}.Debug|Win32.ActiveCfg = Debug|Win32
		{9F2059B9-B86F-374D-8075-8CE69DB15F5F}.Debug|Win32.Build.0 = Debug|Win32
		{9F2059B9-B86F-374D-8075-8CE69DB15F5F}.Release|Win32.ActiveCfg = Release|Win32
		{9F2059B9-B86F-374D-8075-8CE69DB15F5F}.Release|Win32.Build.0 = Release|Win32
		{9F2059B9-B86F-374D-8075-8CE69DB15F5F}.MinSizeRel|Win32.ActiveCfg = MinSizeRel|Win32
		{9F2059B9-B86F-374D-8075-8CE69DB15F5F}.MinSizeRel|Win32.Build.0 = MinSizeRel|Win32
		{9F2059B9-B86F-374D-8075-8CE69DB15F5F}.RelWithDebInfo|Win32.ActiveCfg = RelWithDebInfo|Win32
		{9F2059B9-B86F-374D-8075-8CE69DB15F5F}.RelWithDebInfo|Win32.Build.0 = RelWithDebInfo|Win32
		{7A9958F7-C101-3DC3-83DE-5B0BBC737604}.Debug|Win32.ActiveCfg = Debug|Win32
		{7A9958F7-C101-3DC3-83DE-5B0BBC737604}.Debug|Win32.Build.0 = Debug|Win32
		{7A9958F7-C101-3DC3-83DE-5B0BBC737604}.Release|Win32.ActiveCfg = Release|Win32
		{7A9958F7-C101-3DC3-83DE-5B0BBC737604}.Release|Win32.Build.0 = Release|Win32
		{7A9958F7-C101-3DC3-83DE-5B0BBC737604}.MinSizeRel|Win32.ActiveCfg = MinSizeRel|Win32
		{7A9958F7-C101-3DC3-83DE-5B0BBC737604}.MinSizeRel|Win32.Build.0 = MinSizeRel|Win32
		{7A9958F7-C101-3DC3-83DE-5B0BBC737604}.RelWithDebInfo|Win32.ActiveCfg = RelWithDebInfo|Win32
		{7A9958F7-C101-3DC3-83DE-5B0BBC737604}.RelWithDebInfo|Win32.Build.0 = RelWithDebInfo|Win32
	EndGlobalSection
	GlobalSection(NestedProjects) = preSolution
		{2A4B4179-4A11-32EE-B20D-AC75897B6AC8} = {9BB24FA0-E70C-3E68-BA7A-144DD3517739}
		{8169E839-BDA6-3F18-99A8-23AFFCC74B44} = {9BB24FA0-E70C-3E68-BA7A-144DD3517739}
		{8FCB6D2A-42E6-3684-B3A5-1A79F06B051F} = {5B267C98-65BF-36A9-8A77-01E93672314B}
		{A851A69A-9182-3F26-9678-45F8A2D9B6A4} = {5B267C98-65BF-36A9-8A77-01E93672314B}
		{579913E3-2862-3931-A333-E8390CEADF99} = {5B267C98-65BF-36A9-8A77-01E93672314B}
		{CA5953B3-3ADE-393F-A8E6-E3F4BE4C745C} = {5B267C98-65BF-36A9-8A77-01E93672314B}
		{3FCCAAE7-DD20-3869-9388-0CEE6C2CCDC3} = {5B267C98-65BF-36A9-8A77-01E93672314B}
		{59C7C4B3-1806-38F3-9E35-A8828FA2DC6F} = {5B267C98-65BF-36A9-8A77-01E93672314B}
		{BF77F86D-A1A7-3B59-AE20-636F238C87EC} = {5B267C98-65BF-36A9-8A77-01E93672314B}
		{FA036A4F-8948-32F2-8B78-F33F2A53AD91} = {5B267C98-65BF-36A9-8A77-01E93672314B}
		{DB564957-1FC6-3C82-9A74-3B065F620333} = {5B267C98-65BF-36A9-8A77-01E93672314B}
		{9F2059B9-B86F-374D-8075-8CE69DB15F5F} = {5B267C98-65BF-36A9-8A77-01E93672314B}
		{7A9958F7-C101-3DC3-83DE-5B0BBC737604} = {5B267C98-65BF-36A9-8A77-01E93672314B}
		{93AA332F-2EB0-3E65-A8AC-8692D38F8FAF} = {F81EC5AA-E9F6-31EE-A2CE-9C11EB387B3A}
		{7F57B1E5-6BF6-3812-9978-4084AF59EC52} = {38042AB3-2670-3504-BC0A-006665344138}
	EndGlobalSection
	GlobalSection(ExtensibilityGlobals) = postSolution
		SolutionGuid = {E058EB54-EA26-30BE-85CF-A3AA7A8D6618}
	EndGlobalSection
	GlobalSection(ExtensibilityAddIns) = postSolution
	EndGlobalSection
EndGlobal
