<?xml version="1.0" encoding="utf-8"?>
<Project ToolsVersion="16.0" xmlns="http://schemas.microsoft.com/developer/msbuild/2003">
  <ItemGroup>
    <CustomBuild Include="C:\UsingProjects\Cocos_Study\Puzzle_Study\PuzzleStudy\proj.win32\CMakeFiles\86928da5beb53f3b97d421c3ae8b426d\generate.stamp.rule">
      <Filter>CMake Rules</Filter>
    </CustomBuild>
  </ItemGroup>
  <ItemGroup>
    <Filter Include="CMake Rules">
      <UniqueIdentifier>{FACD9364-5747-39B3-8133-B798FE0A4DD1}</UniqueIdentifier>
    </Filter>
  </ItemGroup>
</Project>
