<?xml version="1.0" encoding="utf-8"?>
<Project ToolsVersion="16.0" xmlns="http://schemas.microsoft.com/developer/msbuild/2003">
  <ItemGroup>
    <ClCompile Include="C:\UsingProjects\Cocos2d-x_Study\Puzzle\PuzzleStudy\Classes\AppDelegate.cpp">
      <Filter>Source Files\Classes</Filter>
    </ClCompile>
    <ClCompile Include="C:\UsingProjects\Cocos2d-x_Study\Puzzle\PuzzleStudy\Classes\HelloWorldScene.cpp">
      <Filter>Source Files\Classes</Filter>
    </ClCompile>
    <ClCompile Include="C:\UsingProjects\Cocos2d-x_Study\Puzzle\PuzzleStudy\proj.win32\main.cpp">
      <Filter>Source Files\proj.win32</Filter>
    </ClCompile>
    <ClCompile Include="C:\UsingProjects\Cocos2d-x_Study\Puzzle\PuzzleStudy\cocos2d\cocos\precheader.cpp">
      <Filter>Source Files</Filter>
    </ClCompile>
    <ClCompile Include="..\Classes\GameLayer.cpp">
      <Filter>Source Files\Classes</Filter>
    </ClCompile>
  </ItemGroup>
  <ItemGroup>
    <ClInclude Include="C:\UsingProjects\Cocos2d-x_Study\Puzzle\PuzzleStudy\Classes\AppDelegate.h">
      <Filter>Source Files\Classes</Filter>
    </ClInclude>
    <ClInclude Include="C:\UsingProjects\Cocos2d-x_Study\Puzzle\PuzzleStudy\Classes\HelloWorldScene.h">
      <Filter>Source Files\Classes</Filter>
    </ClInclude>
    <ClInclude Include="C:\UsingProjects\Cocos2d-x_Study\Puzzle\PuzzleStudy\proj.win32\main.h">
      <Filter>Source Files\proj.win32</Filter>
    </ClInclude>
    <ClInclude Include="C:\UsingProjects\Cocos2d-x_Study\Puzzle\PuzzleStudy\proj.win32\resource.h">
      <Filter>Source Files\proj.win32</Filter>
    </ClInclude>
    <ClInclude Include="C:\UsingProjects\Cocos2d-x_Study\Puzzle\PuzzleStudy\Resources\CloseNormal.png">
      <Filter>Resources</Filter>
    </ClInclude>
    <ClInclude Include="C:\UsingProjects\Cocos2d-x_Study\Puzzle\PuzzleStudy\Resources\CloseSelected.png">
      <Filter>Resources</Filter>
    </ClInclude>
    <ClInclude Include="C:\UsingProjects\Cocos2d-x_Study\Puzzle\PuzzleStudy\Resources\HelloWorld.png">
      <Filter>Resources</Filter>
    </ClInclude>
    <ClInclude Include="C:\UsingProjects\Cocos2d-x_Study\Puzzle\PuzzleStudy\Resources\fonts\Marker Felt.ttf">
      <Filter>Resources\fonts</Filter>
    </ClInclude>
    <ClInclude Include="C:\UsingProjects\Cocos2d-x_Study\Puzzle\PuzzleStudy\Resources\fonts\arial.ttf">
      <Filter>Resources\fonts</Filter>
    </ClInclude>
    <ClInclude Include="C:\UsingProjects\Cocos2d-x_Study\Puzzle\PuzzleStudy\Resources\res\.gitkeep">
      <Filter>Resources\res</Filter>
    </ClInclude>
    <ClInclude Include="..\Classes\GameLayer.h">
      <Filter>Source Files\Classes</Filter>
    </ClInclude>
    <ClInclude Include="..\Classes\Defines.h">
      <Filter>Source Files\Classes</Filter>
    </ClInclude>
  </ItemGroup>
  <ItemGroup>
    <CustomBuild Include="C:\UsingProjects\Cocos2d-x_Study\Puzzle\PuzzleStudy\CMakeLists.txt" />
  </ItemGroup>
  <ItemGroup>
    <ResourceCompile Include="C:\UsingProjects\Cocos2d-x_Study\Puzzle\PuzzleStudy\proj.win32\game.rc">
      <Filter>Source Files\proj.win32</Filter>
    </ResourceCompile>
  </ItemGroup>
  <ItemGroup>
    <Filter Include="Resources">
      <UniqueIdentifier>{F86E2FF5-74D5-3CED-9579-FA9C2E1F722F}</UniqueIdentifier>
    </Filter>
    <Filter Include="Resources\fonts">
      <UniqueIdentifier>{D4140877-F63F-3F77-9D3D-2472429CEFDF}</UniqueIdentifier>
    </Filter>
    <Filter Include="Resources\res">
      <UniqueIdentifier>{36D44C0C-095F-34B9-ADB5-2A739007293B}</UniqueIdentifier>
    </Filter>
    <Filter Include="Source Files">
      <UniqueIdentifier>{42F467B3-70BD-3A5E-AE1F-89320FE3C030}</UniqueIdentifier>
    </Filter>
    <Filter Include="Source Files\Classes">
      <UniqueIdentifier>{6B50203A-1D72-347F-BD94-5AD72E1014FB}</UniqueIdentifier>
    </Filter>
    <Filter Include="Source Files\proj.win32">
      <UniqueIdentifier>{81B37C51-1FB1-35FC-96BE-3490CB5E5C99}</UniqueIdentifier>
    </Filter>
  </ItemGroup>
  <ItemGroup>
    <Image Include="..\Resources\Background.png">
      <Filter>Resources</Filter>
    </Image>
    <Image Include="..\Resources\Blue.png">
      <Filter>Resources</Filter>
    </Image>
    <Image Include="..\Resources\Brown.png">
      <Filter>Resources</Filter>
    </Image>
    <Image Include="..\Resources\Green.png">
      <Filter>Resources</Filter>
    </Image>
    <Image Include="..\Resources\Pink.png">
      <Filter>Resources</Filter>
    </Image>
    <Image Include="..\Resources\Purple.png">
      <Filter>Resources</Filter>
    </Image>
    <Image Include="..\Resources\Red.png">
      <Filter>Resources</Filter>
    </Image>
    <Image Include="..\Resources\Yellow.png">
      <Filter>Resources</Filter>
    </Image>
  </ItemGroup>
</Project>