
Microsoft Visual Studio Solution File, Format Version 12.00
# Visual Studio Version 16
Project("{2150E333-8FDC-42A3-9474-1A3956D46DE8}") = "CMakePredefinedTargets", "CMakePredefinedTargets", "{CE0695A5-29BA-32B7-8CFE-966FEC28EFBF}"
EndProject
Project("{2150E333-8FDC-42A3-9474-1A3956D46DE8}") = "External", "External", "{8C2216E1-AC47-36D8-97A1-CE761C05492F}"
EndProject
Project("{2150E333-8FDC-42A3-9474-1A3956D46DE8}") = "Internal", "Internal", "{B9D86030-4342-3CC1-B488-FF2FC8BC807A}"
EndProject
Project("{2150E333-8FDC-42A3-9474-1A3956D46DE8}") = "Utils", "Utils", "{DDAB9F6E-AA12-3905-992F-E85EAE4416CF}"
EndProject
Project("{8BC9CEB8-8B4A-11D0-8D11-00A0C91BC942}") = "ALL_BUILD", "ALL_BUILD.vcxproj", "{350CF999-33EB-35A4-8174-B57FC8E8B38A}"
	ProjectSection(ProjectDependencies) = postProject
		{F95DFDBD-DBA5-3E54-B5C2-7D58A48CAE95} = {F95DFDBD-DBA5-3E54-B5C2-7D58A48CAE95}
		{ABD547FF-8128-3153-8DBA-A2242F132430} = {ABD547FF-8128-3153-8DBA-A2242F132430}
		{D891E559-52AB-34B5-8185-9524839C37EF} = {D891E559-52AB-34B5-8185-9524839C37EF}
		{47EE9E62-92E5-3A07-BAF9-E6C0336785E3} = {47EE9E62-92E5-3A07-BAF9-E6C0336785E3}
		{E6BBB492-3B23-3638-A2E0-1141BCE36829} = {E6BBB492-3B23-3638-A2E0-1141BCE36829}
		{C212DE32-3382-3E72-8E90-5BCABD284B66} = {C212DE32-3382-3E72-8E90-5BCABD284B66}
		{F61843FE-E544-312A-BA21-8CF0750B3B91} = {F61843FE-E544-312A-BA21-8CF0750B3B91}
		{3C62E654-C596-34C6-98C0-0AA160FA5175} = {3C62E654-C596-34C6-98C0-0AA160FA5175}
		{E1D6D431-A38D-33A8-97AE-711C73592787} = {E1D6D431-A38D-33A8-97AE-711C73592787}
		{6260FF3B-2484-3D20-9E65-129C3C85DAC4} = {6260FF3B-2484-3D20-9E65-129C3C85DAC4}
		{2784E6FD-55DF-3F44-9292-703566DF91C2} = {2784E6FD-55DF-3F44-9292-703566DF91C2}
		{5D4B8757-509E-38A2-90C1-9A570D9B9F50} = {5D4B8757-509E-38A2-90C1-9A570D9B9F50}
		{87363D79-3CEB-3B54-87EF-0115E7772535} = {87363D79-3CEB-3B54-87EF-0115E7772535}
		{DEBACDF9-8F13-31B5-91F7-9210F962EAD4} = {DEBACDF9-8F13-31B5-91F7-9210F962EAD4}
		{0CF3FD07-E0FB-3E69-A854-AABD59A96EAC} = {0CF3FD07-E0FB-3E69-A854-AABD59A96EAC}
	EndProjectSection
EndProject
Project("{8BC9CEB8-8B4A-11D0-8D11-00A0C91BC942}") = "PuzzleStudy", "PuzzleStudy.vcxproj", "{F95DFDBD-DBA5-3E54-B5C2-7D58A48CAE95}"
	ProjectSection(ProjectDependencies) = postProject
		{ABD547FF-8128-3153-8DBA-A2242F132430} = {ABD547FF-8128-3153-8DBA-A2242F132430}
		{D891E559-52AB-34B5-8185-9524839C37EF} = {D891E559-52AB-34B5-8185-9524839C37EF}
		{47EE9E62-92E5-3A07-BAF9-E6C0336785E3} = {47EE9E62-92E5-3A07-BAF9-E6C0336785E3}
		{E6BBB492-3B23-3638-A2E0-1141BCE36829} = {E6BBB492-3B23-3638-A2E0-1141BCE36829}
		{C212DE32-3382-3E72-8E90-5BCABD284B66} = {C212DE32-3382-3E72-8E90-5BCABD284B66}
		{F61843FE-E544-312A-BA21-8CF0750B3B91} = {F61843FE-E544-312A-BA21-8CF0750B3B91}
		{3C62E654-C596-34C6-98C0-0AA160FA5175} = {3C62E654-C596-34C6-98C0-0AA160FA5175}
		{E1D6D431-A38D-33A8-97AE-711C73592787} = {E1D6D431-A38D-33A8-97AE-711C73592787}
		{6260FF3B-2484-3D20-9E65-129C3C85DAC4} = {6260FF3B-2484-3D20-9E65-129C3C85DAC4}
		{2784E6FD-55DF-3F44-9292-703566DF91C2} = {2784E6FD-55DF-3F44-9292-703566DF91C2}
		{5D4B8757-509E-38A2-90C1-9A570D9B9F50} = {5D4B8757-509E-38A2-90C1-9A570D9B9F50}
		{87363D79-3CEB-3B54-87EF-0115E7772535} = {87363D79-3CEB-3B54-87EF-0115E7772535}
		{DEBACDF9-8F13-31B5-91F7-9210F962EAD4} = {DEBACDF9-8F13-31B5-91F7-9210F962EAD4}
		{0CF3FD07-E0FB-3E69-A854-AABD59A96EAC} = {0CF3FD07-E0FB-3E69-A854-AABD59A96EAC}
	EndProjectSection
EndProject
Project("{8BC9CEB8-8B4A-11D0-8D11-00A0C91BC942}") = "SYNC_RESOURCE-PuzzleStudy", "SYNC_RESOURCE-PuzzleStudy.vcxproj", "{ABD547FF-8128-3153-8DBA-A2242F132430}"
	ProjectSection(ProjectDependencies) = postProject
		{D891E559-52AB-34B5-8185-9524839C37EF} = {D891E559-52AB-34B5-8185-9524839C37EF}
	EndProjectSection
EndProject
Project("{8BC9CEB8-8B4A-11D0-8D11-00A0C91BC942}") = "ZERO_CHECK", "ZERO_CHECK.vcxproj", "{D891E559-52AB-34B5-8185-9524839C37EF}"
	ProjectSection(ProjectDependencies) = postProject
	EndProjectSection
EndProject
Project("{8BC9CEB8-8B4A-11D0-8D11-00A0C91BC942}") = "cocos2d", "engine\cocos\core\cocos2d.vcxproj", "{47EE9E62-92E5-3A07-BAF9-E6C0336785E3}"
	ProjectSection(ProjectDependencies) = postProject
		{D891E559-52AB-34B5-8185-9524839C37EF} = {D891E559-52AB-34B5-8185-9524839C37EF}
		{E6BBB492-3B23-3638-A2E0-1141BCE36829} = {E6BBB492-3B23-3638-A2E0-1141BCE36829}
		{C212DE32-3382-3E72-8E90-5BCABD284B66} = {C212DE32-3382-3E72-8E90-5BCABD284B66}
		{F61843FE-E544-312A-BA21-8CF0750B3B91} = {F61843FE-E544-312A-BA21-8CF0750B3B91}
		{3C62E654-C596-34C6-98C0-0AA160FA5175} = {3C62E654-C596-34C6-98C0-0AA160FA5175}
		{E1D6D431-A38D-33A8-97AE-711C73592787} = {E1D6D431-A38D-33A8-97AE-711C73592787}
		{6260FF3B-2484-3D20-9E65-129C3C85DAC4} = {6260FF3B-2484-3D20-9E65-129C3C85DAC4}
		{2784E6FD-55DF-3F44-9292-703566DF91C2} = {2784E6FD-55DF-3F44-9292-703566DF91C2}
		{5D4B8757-509E-38A2-90C1-9A570D9B9F50} = {5D4B8757-509E-38A2-90C1-9A570D9B9F50}
		{87363D79-3CEB-3B54-87EF-0115E7772535} = {87363D79-3CEB-3B54-87EF-0115E7772535}
		{DEBACDF9-8F13-31B5-91F7-9210F962EAD4} = {DEBACDF9-8F13-31B5-91F7-9210F962EAD4}
		{0CF3FD07-E0FB-3E69-A854-AABD59A96EAC} = {0CF3FD07-E0FB-3E69-A854-AABD59A96EAC}
	EndProjectSection
EndProject
Project("{8BC9CEB8-8B4A-11D0-8D11-00A0C91BC942}") = "ext_clipper", "engine\external\clipper\ext_clipper.vcxproj", "{E6BBB492-3B23-3638-A2E0-1141BCE36829}"
	ProjectSection(ProjectDependencies) = postProject
		{D891E559-52AB-34B5-8185-9524839C37EF} = {D891E559-52AB-34B5-8185-9524839C37EF}
	EndProjectSection
EndProject
Project("{8BC9CEB8-8B4A-11D0-8D11-00A0C91BC942}") = "ext_convertUTF", "engine\external\ConvertUTF\ext_convertUTF.vcxproj", "{C212DE32-3382-3E72-8E90-5BCABD284B66}"
	ProjectSection(ProjectDependencies) = postProject
		{D891E559-52AB-34B5-8185-9524839C37EF} = {D891E559-52AB-34B5-8185-9524839C37EF}
	EndProjectSection
EndProject
Project("{8BC9CEB8-8B4A-11D0-8D11-00A0C91BC942}") = "ext_edtaa3func", "engine\external\edtaa3func\ext_edtaa3func.vcxproj", "{F61843FE-E544-312A-BA21-8CF0750B3B91}"
	ProjectSection(ProjectDependencies) = postProject
		{D891E559-52AB-34B5-8185-9524839C37EF} = {D891E559-52AB-34B5-8185-9524839C37EF}
	EndProjectSection
EndProject
Project("{8BC9CEB8-8B4A-11D0-8D11-00A0C91BC942}") = "ext_md5", "engine\external\md5\ext_md5.vcxproj", "{3C62E654-C596-34C6-98C0-0AA160FA5175}"
	ProjectSection(ProjectDependencies) = postProject
		{D891E559-52AB-34B5-8185-9524839C37EF} = {D891E559-52AB-34B5-8185-9524839C37EF}
	EndProjectSection
EndProject
Project("{8BC9CEB8-8B4A-11D0-8D11-00A0C91BC942}") = "ext_poly2tri", "engine\external\poly2tri\ext_poly2tri.vcxproj", "{E1D6D431-A38D-33A8-97AE-711C73592787}"
	ProjectSection(ProjectDependencies) = postProject
		{D891E559-52AB-34B5-8185-9524839C37EF} = {D891E559-52AB-34B5-8185-9524839C37EF}
	EndProjectSection
EndProject
Project("{8BC9CEB8-8B4A-11D0-8D11-00A0C91BC942}") = "ext_recast", "engine\external\recast\ext_recast.vcxproj", "{6260FF3B-2484-3D20-9E65-129C3C85DAC4}"
	ProjectSection(ProjectDependencies) = postProject
		{D891E559-52AB-34B5-8185-9524839C37EF} = {D891E559-52AB-34B5-8185-9524839C37EF}
	EndProjectSection
EndProject
Project("{8BC9CEB8-8B4A-11D0-8D11-00A0C91BC942}") = "ext_tinyxml2", "engine\external\tinyxml2\ext_tinyxml2.vcxproj", "{2784E6FD-55DF-3F44-9292-703566DF91C2}"
	ProjectSection(ProjectDependencies) = postProject
		{D891E559-52AB-34B5-8185-9524839C37EF} = {D891E559-52AB-34B5-8185-9524839C37EF}
	EndProjectSection
EndProject
Project("{8BC9CEB8-8B4A-11D0-8D11-00A0C91BC942}") = "ext_unzip", "engine\external\unzip\ext_unzip.vcxproj", "{5D4B8757-509E-38A2-90C1-9A570D9B9F50}"
	ProjectSection(ProjectDependencies) = postProject
		{D891E559-52AB-34B5-8185-9524839C37EF} = {D891E559-52AB-34B5-8185-9524839C37EF}
	EndProjectSection
EndProject
Project("{8BC9CEB8-8B4A-11D0-8D11-00A0C91BC942}") = "ext_xxhash", "engine\external\xxhash\ext_xxhash.vcxproj", "{87363D79-3CEB-3B54-87EF-0115E7772535}"
	ProjectSection(ProjectDependencies) = postProject
		{D891E559-52AB-34B5-8185-9524839C37EF} = {D891E559-52AB-34B5-8185-9524839C37EF}
	EndProjectSection
EndProject
Project("{8BC9CEB8-8B4A-11D0-8D11-00A0C91BC942}") = "ext_xxtea", "engine\external\xxtea\ext_xxtea.vcxproj", "{DEBACDF9-8F13-31B5-91F7-9210F962EAD4}"
	ProjectSection(ProjectDependencies) = postProject
		{D891E559-52AB-34B5-8185-9524839C37EF} = {D891E559-52AB-34B5-8185-9524839C37EF}
	EndProjectSection
EndProject
Project("{8BC9CEB8-8B4A-11D0-8D11-00A0C91BC942}") = "external", "engine\external\external.vcxproj", "{0CF3FD07-E0FB-3E69-A854-AABD59A96EAC}"
	ProjectSection(ProjectDependencies) = postProject
		{D891E559-52AB-34B5-8185-9524839C37EF} = {D891E559-52AB-34B5-8185-9524839C37EF}
		{E6BBB492-3B23-3638-A2E0-1141BCE36829} = {E6BBB492-3B23-3638-A2E0-1141BCE36829}
		{C212DE32-3382-3E72-8E90-5BCABD284B66} = {C212DE32-3382-3E72-8E90-5BCABD284B66}
		{F61843FE-E544-312A-BA21-8CF0750B3B91} = {F61843FE-E544-312A-BA21-8CF0750B3B91}
		{3C62E654-C596-34C6-98C0-0AA160FA5175} = {3C62E654-C596-34C6-98C0-0AA160FA5175}
		{E1D6D431-A38D-33A8-97AE-711C73592787} = {E1D6D431-A38D-33A8-97AE-711C73592787}
		{6260FF3B-2484-3D20-9E65-129C3C85DAC4} = {6260FF3B-2484-3D20-9E65-129C3C85DAC4}
		{2784E6FD-55DF-3F44-9292-703566DF91C2} = {2784E6FD-55DF-3F44-9292-703566DF91C2}
		{5D4B8757-509E-38A2-90C1-9A570D9B9F50} = {5D4B8757-509E-38A2-90C1-9A570D9B9F50}
		{87363D79-3CEB-3B54-87EF-0115E7772535} = {87363D79-3CEB-3B54-87EF-0115E7772535}
		{DEBACDF9-8F13-31B5-91F7-9210F962EAD4} = {DEBACDF9-8F13-31B5-91F7-9210F962EAD4}
	EndProjectSection
EndProject
Global
	GlobalSection(SolutionConfigurationPlatforms) = preSolution
		Debug|Win32 = Debug|Win32
		Release|Win32 = Release|Win32
		MinSizeRel|Win32 = MinSizeRel|Win32
		RelWithDebInfo|Win32 = RelWithDebInfo|Win32
	EndGlobalSection
	GlobalSection(ProjectConfigurationPlatforms) = postSolution
		{350CF999-33EB-35A4-8174-B57FC8E8B38A}.Debug|Win32.ActiveCfg = Debug|Win32
		{350CF999-33EB-35A4-8174-B57FC8E8B38A}.Release|Win32.ActiveCfg = Release|Win32
		{350CF999-33EB-35A4-8174-B57FC8E8B38A}.MinSizeRel|Win32.ActiveCfg = MinSizeRel|Win32
		{350CF999-33EB-35A4-8174-B57FC8E8B38A}.RelWithDebInfo|Win32.ActiveCfg = RelWithDebInfo|Win32
		{F95DFDBD-DBA5-3E54-B5C2-7D58A48CAE95}.Debug|Win32.ActiveCfg = Debug|Win32
		{F95DFDBD-DBA5-3E54-B5C2-7D58A48CAE95}.Debug|Win32.Build.0 = Debug|Win32
		{F95DFDBD-DBA5-3E54-B5C2-7D58A48CAE95}.Release|Win32.ActiveCfg = Release|Win32
		{F95DFDBD-DBA5-3E54-B5C2-7D58A48CAE95}.Release|Win32.Build.0 = Release|Win32
		{F95DFDBD-DBA5-3E54-B5C2-7D58A48CAE95}.MinSizeRel|Win32.ActiveCfg = MinSizeRel|Win32
		{F95DFDBD-DBA5-3E54-B5C2-7D58A48CAE95}.MinSizeRel|Win32.Build.0 = MinSizeRel|Win32
		{F95DFDBD-DBA5-3E54-B5C2-7D58A48CAE95}.RelWithDebInfo|Win32.ActiveCfg = RelWithDebInfo|Win32
		{F95DFDBD-DBA5-3E54-B5C2-7D58A48CAE95}.RelWithDebInfo|Win32.Build.0 = RelWithDebInfo|Win32
		{ABD547FF-8128-3153-8DBA-A2242F132430}.Debug|Win32.ActiveCfg = Debug|Win32
		{ABD547FF-8128-3153-8DBA-A2242F132430}.Debug|Win32.Build.0 = Debug|Win32
		{ABD547FF-8128-3153-8DBA-A2242F132430}.Release|Win32.ActiveCfg = Release|Win32
		{ABD547FF-8128-3153-8DBA-A2242F132430}.Release|Win32.Build.0 = Release|Win32
		{ABD547FF-8128-3153-8DBA-A2242F132430}.MinSizeRel|Win32.ActiveCfg = MinSizeRel|Win32
		{ABD547FF-8128-3153-8DBA-A2242F132430}.MinSizeRel|Win32.Build.0 = MinSizeRel|Win32
		{ABD547FF-8128-3153-8DBA-A2242F132430}.RelWithDebInfo|Win32.ActiveCfg = RelWithDebInfo|Win32
		{ABD547FF-8128-3153-8DBA-A2242F132430}.RelWithDebInfo|Win32.Build.0 = RelWithDebInfo|Win32
		{D891E559-52AB-34B5-8185-9524839C37EF}.Debug|Win32.ActiveCfg = Debug|Win32
		{D891E559-52AB-34B5-8185-9524839C37EF}.Debug|Win32.Build.0 = Debug|Win32
		{D891E559-52AB-34B5-8185-9524839C37EF}.Release|Win32.ActiveCfg = Release|Win32
		{D891E559-52AB-34B5-8185-9524839C37EF}.Release|Win32.Build.0 = Release|Win32
		{D891E559-52AB-34B5-8185-9524839C37EF}.MinSizeRel|Win32.ActiveCfg = MinSizeRel|Win32
		{D891E559-52AB-34B5-8185-9524839C37EF}.MinSizeRel|Win32.Build.0 = MinSizeRel|Win32
		{D891E559-52AB-34B5-8185-9524839C37EF}.RelWithDebInfo|Win32.ActiveCfg = RelWithDebInfo|Win32
		{D891E559-52AB-34B5-8185-9524839C37EF}.RelWithDebInfo|Win32.Build.0 = RelWithDebInfo|Win32
		{47EE9E62-92E5-3A07-BAF9-E6C0336785E3}.Debug|Win32.ActiveCfg = Debug|Win32
		{47EE9E62-92E5-3A07-BAF9-E6C0336785E3}.Debug|Win32.Build.0 = Debug|Win32
		{47EE9E62-92E5-3A07-BAF9-E6C0336785E3}.Release|Win32.ActiveCfg = Release|Win32
		{47EE9E62-92E5-3A07-BAF9-E6C0336785E3}.Release|Win32.Build.0 = Release|Win32
		{47EE9E62-92E5-3A07-BAF9-E6C0336785E3}.MinSizeRel|Win32.ActiveCfg = MinSizeRel|Win32
		{47EE9E62-92E5-3A07-BAF9-E6C0336785E3}.MinSizeRel|Win32.Build.0 = MinSizeRel|Win32
		{47EE9E62-92E5-3A07-BAF9-E6C0336785E3}.RelWithDebInfo|Win32.ActiveCfg = RelWithDebInfo|Win32
		{47EE9E62-92E5-3A07-BAF9-E6C0336785E3}.RelWithDebInfo|Win32.Build.0 = RelWithDebInfo|Win32
		{E6BBB492-3B23-3638-A2E0-1141BCE36829}.Debug|Win32.ActiveCfg = Debug|Win32
		{E6BBB492-3B23-3638-A2E0-1141BCE36829}.Debug|Win32.Build.0 = Debug|Win32
		{E6BBB492-3B23-3638-A2E0-1141BCE36829}.Release|Win32.ActiveCfg = Release|Win32
		{E6BBB492-3B23-3638-A2E0-1141BCE36829}.Release|Win32.Build.0 = Release|Win32
		{E6BBB492-3B23-3638-A2E0-1141BCE36829}.MinSizeRel|Win32.ActiveCfg = MinSizeRel|Win32
		{E6BBB492-3B23-3638-A2E0-1141BCE36829}.MinSizeRel|Win32.Build.0 = MinSizeRel|Win32
		{E6BBB492-3B23-3638-A2E0-1141BCE36829}.RelWithDebInfo|Win32.ActiveCfg = RelWithDebInfo|Win32
		{E6BBB492-3B23-3638-A2E0-1141BCE36829}.RelWithDebInfo|Win32.Build.0 = RelWithDebInfo|Win32
		{C212DE32-3382-3E72-8E90-5BCABD284B66}.Debug|Win32.ActiveCfg = Debug|Win32
		{C212DE32-3382-3E72-8E90-5BCABD284B66}.Debug|Win32.Build.0 = Debug|Win32
		{C212DE32-3382-3E72-8E90-5BCABD284B66}.Release|Win32.ActiveCfg = Release|Win32
		{C212DE32-3382-3E72-8E90-5BCABD284B66}.Release|Win32.Build.0 = Release|Win32
		{C212DE32-3382-3E72-8E90-5BCABD284B66}.MinSizeRel|Win32.ActiveCfg = MinSizeRel|Win32
		{C212DE32-3382-3E72-8E90-5BCABD284B66}.MinSizeRel|Win32.Build.0 = MinSizeRel|Win32
		{C212DE32-3382-3E72-8E90-5BCABD284B66}.RelWithDebInfo|Win32.ActiveCfg = RelWithDebInfo|Win32
		{C212DE32-3382-3E72-8E90-5BCABD284B66}.RelWithDebInfo|Win32.Build.0 = RelWithDebInfo|Win32
		{F61843FE-E544-312A-BA21-8CF0750B3B91}.Debug|Win32.ActiveCfg = Debug|Win32
		{F61843FE-E544-312A-BA21-8CF0750B3B91}.Debug|Win32.Build.0 = Debug|Win32
		{F61843FE-E544-312A-BA21-8CF0750B3B91}.Release|Win32.ActiveCfg = Release|Win32
		{F61843FE-E544-312A-BA21-8CF0750B3B91}.Release|Win32.Build.0 = Release|Win32
		{F61843FE-E544-312A-BA21-8CF0750B3B91}.MinSizeRel|Win32.ActiveCfg = MinSizeRel|Win32
		{F61843FE-E544-312A-BA21-8CF0750B3B91}.MinSizeRel|Win32.Build.0 = MinSizeRel|Win32
		{F61843FE-E544-312A-BA21-8CF0750B3B91}.RelWithDebInfo|Win32.ActiveCfg = RelWithDebInfo|Win32
		{F61843FE-E544-312A-BA21-8CF0750B3B91}.RelWithDebInfo|Win32.Build.0 = RelWithDebInfo|Win32
		{3C62E654-C596-34C6-98C0-0AA160FA5175}.Debug|Win32.ActiveCfg = Debug|Win32
		{3C62E654-C596-34C6-98C0-0AA160FA5175}.Debug|Win32.Build.0 = Debug|Win32
		{3C62E654-C596-34C6-98C0-0AA160FA5175}.Release|Win32.ActiveCfg = Release|Win32
		{3C62E654-C596-34C6-98C0-0AA160FA5175}.Release|Win32.Build.0 = Release|Win32
		{3C62E654-C596-34C6-98C0-0AA160FA5175}.MinSizeRel|Win32.ActiveCfg = MinSizeRel|Win32
		{3C62E654-C596-34C6-98C0-0AA160FA5175}.MinSizeRel|Win32.Build.0 = MinSizeRel|Win32
		{3C62E654-C596-34C6-98C0-0AA160FA5175}.RelWithDebInfo|Win32.ActiveCfg = RelWithDebInfo|Win32
		{3C62E654-C596-34C6-98C0-0AA160FA5175}.RelWithDebInfo|Win32.Build.0 = RelWithDebInfo|Win32
		{E1D6D431-A38D-33A8-97AE-711C73592787}.Debug|Win32.ActiveCfg = Debug|Win32
		{E1D6D431-A38D-33A8-97AE-711C73592787}.Debug|Win32.Build.0 = Debug|Win32
		{E1D6D431-A38D-33A8-97AE-711C73592787}.Release|Win32.ActiveCfg = Release|Win32
		{E1D6D431-A38D-33A8-97AE-711C73592787}.Release|Win32.Build.0 = Release|Win32
		{E1D6D431-A38D-33A8-97AE-711C73592787}.MinSizeRel|Win32.ActiveCfg = MinSizeRel|Win32
		{E1D6D431-A38D-33A8-97AE-711C73592787}.MinSizeRel|Win32.Build.0 = MinSizeRel|Win32
		{E1D6D431-A38D-33A8-97AE-711C73592787}.RelWithDebInfo|Win32.ActiveCfg = RelWithDebInfo|Win32
		{E1D6D431-A38D-33A8-97AE-711C73592787}.RelWithDebInfo|Win32.Build.0 = RelWithDebInfo|Win32
		{6260FF3B-2484-3D20-9E65-129C3C85DAC4}.Debug|Win32.ActiveCfg = Debug|Win32
		{6260FF3B-2484-3D20-9E65-129C3C85DAC4}.Debug|Win32.Build.0 = Debug|Win32
		{6260FF3B-2484-3D20-9E65-129C3C85DAC4}.Release|Win32.ActiveCfg = Release|Win32
		{6260FF3B-2484-3D20-9E65-129C3C85DAC4}.Release|Win32.Build.0 = Release|Win32
		{6260FF3B-2484-3D20-9E65-129C3C85DAC4}.MinSizeRel|Win32.ActiveCfg = MinSizeRel|Win32
		{6260FF3B-2484-3D20-9E65-129C3C85DAC4}.MinSizeRel|Win32.Build.0 = MinSizeRel|Win32
		{6260FF3B-2484-3D20-9E65-129C3C85DAC4}.RelWithDebInfo|Win32.ActiveCfg = RelWithDebInfo|Win32
		{6260FF3B-2484-3D20-9E65-129C3C85DAC4}.RelWithDebInfo|Win32.Build.0 = RelWithDebInfo|Win32
		{2784E6FD-55DF-3F44-9292-703566DF91C2}.Debug|Win32.ActiveCfg = Debug|Win32
		{2784E6FD-55DF-3F44-9292-703566DF91C2}.Debug|Win32.Build.0 = Debug|Win32
		{2784E6FD-55DF-3F44-9292-703566DF91C2}.Release|Win32.ActiveCfg = Release|Win32
		{2784E6FD-55DF-3F44-9292-703566DF91C2}.Release|Win32.Build.0 = Release|Win32
		{2784E6FD-55DF-3F44-9292-703566DF91C2}.MinSizeRel|Win32.ActiveCfg = MinSizeRel|Win32
		{2784E6FD-55DF-3F44-9292-703566DF91C2}.MinSizeRel|Win32.Build.0 = MinSizeRel|Win32
		{2784E6FD-55DF-3F44-9292-703566DF91C2}.RelWithDebInfo|Win32.ActiveCfg = RelWithDebInfo|Win32
		{2784E6FD-55DF-3F44-9292-703566DF91C2}.RelWithDebInfo|Win32.Build.0 = RelWithDebInfo|Win32
		{5D4B8757-509E-38A2-90C1-9A570D9B9F50}.Debug|Win32.ActiveCfg = Debug|Win32
		{5D4B8757-509E-38A2-90C1-9A570D9B9F50}.Debug|Win32.Build.0 = Debug|Win32
		{5D4B8757-509E-38A2-90C1-9A570D9B9F50}.Release|Win32.ActiveCfg = Release|Win32
		{5D4B8757-509E-38A2-90C1-9A570D9B9F50}.Release|Win32.Build.0 = Release|Win32
		{5D4B8757-509E-38A2-90C1-9A570D9B9F50}.MinSizeRel|Win32.ActiveCfg = MinSizeRel|Win32
		{5D4B8757-509E-38A2-90C1-9A570D9B9F50}.MinSizeRel|Win32.Build.0 = MinSizeRel|Win32
		{5D4B8757-509E-38A2-90C1-9A570D9B9F50}.RelWithDebInfo|Win32.ActiveCfg = RelWithDebInfo|Win32
		{5D4B8757-509E-38A2-90C1-9A570D9B9F50}.RelWithDebInfo|Win32.Build.0 = RelWithDebInfo|Win32
		{87363D79-3CEB-3B54-87EF-0115E7772535}.Debug|Win32.ActiveCfg = Debug|Win32
		{87363D79-3CEB-3B54-87EF-0115E7772535}.Debug|Win32.Build.0 = Debug|Win32
		{87363D79-3CEB-3B54-87EF-0115E7772535}.Release|Win32.ActiveCfg = Release|Win32
		{87363D79-3CEB-3B54-87EF-0115E7772535}.Release|Win32.Build.0 = Release|Win32
		{87363D79-3CEB-3B54-87EF-0115E7772535}.MinSizeRel|Win32.ActiveCfg = MinSizeRel|Win32
		{87363D79-3CEB-3B54-87EF-0115E7772535}.MinSizeRel|Win32.Build.0 = MinSizeRel|Win32
		{87363D79-3CEB-3B54-87EF-0115E7772535}.RelWithDebInfo|Win32.ActiveCfg = RelWithDebInfo|Win32
		{87363D79-3CEB-3B54-87EF-0115E7772535}.RelWithDebInfo|Win32.Build.0 = RelWithDebInfo|Win32
		{DEBACDF9-8F13-31B5-91F7-9210F962EAD4}.Debug|Win32.ActiveCfg = Debug|Win32
		{DEBACDF9-8F13-31B5-91F7-9210F962EAD4}.Debug|Win32.Build.0 = Debug|Win32
		{DEBACDF9-8F13-31B5-91F7-9210F962EAD4}.Release|Win32.ActiveCfg = Release|Win32
		{DEBACDF9-8F13-31B5-91F7-9210F962EAD4}.Release|Win32.Build.0 = Release|Win32
		{DEBACDF9-8F13-31B5-91F7-9210F962EAD4}.MinSizeRel|Win32.ActiveCfg = MinSizeRel|Win32
		{DEBACDF9-8F13-31B5-91F7-9210F962EAD4}.MinSizeRel|Win32.Build.0 = MinSizeRel|Win32
		{DEBACDF9-8F13-31B5-91F7-9210F962EAD4}.RelWithDebInfo|Win32.ActiveCfg = RelWithDebInfo|Win32
		{DEBACDF9-8F13-31B5-91F7-9210F962EAD4}.RelWithDebInfo|Win32.Build.0 = RelWithDebInfo|Win32
		{0CF3FD07-E0FB-3E69-A854-AABD59A96EAC}.Debug|Win32.ActiveCfg = Debug|Win32
		{0CF3FD07-E0FB-3E69-A854-AABD59A96EAC}.Debug|Win32.Build.0 = Debug|Win32
		{0CF3FD07-E0FB-3E69-A854-AABD59A96EAC}.Release|Win32.ActiveCfg = Release|Win32
		{0CF3FD07-E0FB-3E69-A854-AABD59A96EAC}.Release|Win32.Build.0 = Release|Win32
		{0CF3FD07-E0FB-3E69-A854-AABD59A96EAC}.MinSizeRel|Win32.ActiveCfg = MinSizeRel|Win32
		{0CF3FD07-E0FB-3E69-A854-AABD59A96EAC}.MinSizeRel|Win32.Build.0 = MinSizeRel|Win32
		{0CF3FD07-E0FB-3E69-A854-AABD59A96EAC}.RelWithDebInfo|Win32.ActiveCfg = RelWithDebInfo|Win32
		{0CF3FD07-E0FB-3E69-A854-AABD59A96EAC}.RelWithDebInfo|Win32.Build.0 = RelWithDebInfo|Win32
	EndGlobalSection
	GlobalSection(NestedProjects) = preSolution
		{350CF999-33EB-35A4-8174-B57FC8E8B38A} = {CE0695A5-29BA-32B7-8CFE-966FEC28EFBF}
		{D891E559-52AB-34B5-8185-9524839C37EF} = {CE0695A5-29BA-32B7-8CFE-966FEC28EFBF}
		{E6BBB492-3B23-3638-A2E0-1141BCE36829} = {8C2216E1-AC47-36D8-97A1-CE761C05492F}
		{C212DE32-3382-3E72-8E90-5BCABD284B66} = {8C2216E1-AC47-36D8-97A1-CE761C05492F}
		{F61843FE-E544-312A-BA21-8CF0750B3B91} = {8C2216E1-AC47-36D8-97A1-CE761C05492F}
		{3C62E654-C596-34C6-98C0-0AA160FA5175} = {8C2216E1-AC47-36D8-97A1-CE761C05492F}
		{E1D6D431-A38D-33A8-97AE-711C73592787} = {8C2216E1-AC47-36D8-97A1-CE761C05492F}
		{6260FF3B-2484-3D20-9E65-129C3C85DAC4} = {8C2216E1-AC47-36D8-97A1-CE761C05492F}
		{2784E6FD-55DF-3F44-9292-703566DF91C2} = {8C2216E1-AC47-36D8-97A1-CE761C05492F}
		{5D4B8757-509E-38A2-90C1-9A570D9B9F50} = {8C2216E1-AC47-36D8-97A1-CE761C05492F}
		{87363D79-3CEB-3B54-87EF-0115E7772535} = {8C2216E1-AC47-36D8-97A1-CE761C05492F}
		{DEBACDF9-8F13-31B5-91F7-9210F962EAD4} = {8C2216E1-AC47-36D8-97A1-CE761C05492F}
		{0CF3FD07-E0FB-3E69-A854-AABD59A96EAC} = {8C2216E1-AC47-36D8-97A1-CE761C05492F}
		{47EE9E62-92E5-3A07-BAF9-E6C0336785E3} = {B9D86030-4342-3CC1-B488-FF2FC8BC807A}
		{ABD547FF-8128-3153-8DBA-A2242F132430} = {DDAB9F6E-AA12-3905-992F-E85EAE4416CF}
	EndGlobalSection
	GlobalSection(ExtensibilityGlobals) = postSolution
		SolutionGuid = {0D096167-8736-3824-8B4A-6689530E18C4}
	EndGlobalSection
	GlobalSection(ExtensibilityAddIns) = postSolution
	EndGlobalSection
EndGlobal
