<?xml version="1.0" encoding="utf-8"?>
<Project ToolsVersion="16.0" xmlns="http://schemas.microsoft.com/developer/msbuild/2003">
  <ItemGroup>
    <ClCompile Include="C:\UsingProjects\Cocos_Study\Puzzle_Study\PuzzleStudy\Classes\AppDelegate.cpp">
      <Filter>Source Files\Classes</Filter>
    </ClCompile>
    <ClCompile Include="C:\UsingProjects\Cocos_Study\Puzzle_Study\PuzzleStudy\Classes\HelloWorldScene.cpp">
      <Filter>Source Files\Classes</Filter>
    </ClCompile>
    <ClCompile Include="C:\UsingProjects\Cocos_Study\Puzzle_Study\PuzzleStudy\proj.win32\main.cpp">
      <Filter>Source Files\proj.win32</Filter>
    </ClCompile>
    <ClCompile Include="C:\UsingProjects\Cocos_Study\Puzzle_Study\PuzzleStudy\cocos2d\cocos\precheader.cpp">
      <Filter>Source Files</Filter>
    </ClCompile>
  </ItemGroup>
  <ItemGroup>
    <ClInclude Include="C:\UsingProjects\Cocos_Study\Puzzle_Study\PuzzleStudy\Classes\AppDelegate.h">
      <Filter>Source Files\Classes</Filter>
    </ClInclude>
    <ClInclude Include="C:\UsingProjects\Cocos_Study\Puzzle_Study\PuzzleStudy\Classes\HelloWorldScene.h">
      <Filter>Source Files\Classes</Filter>
    </ClInclude>
    <ClInclude Include="C:\UsingProjects\Cocos_Study\Puzzle_Study\PuzzleStudy\proj.win32\main.h">
      <Filter>Source Files\proj.win32</Filter>
    </ClInclude>
    <ClInclude Include="C:\UsingProjects\Cocos_Study\Puzzle_Study\PuzzleStudy\proj.win32\resource.h">
      <Filter>Source Files\proj.win32</Filter>
    </ClInclude>
    <ClInclude Include="C:\UsingProjects\Cocos_Study\Puzzle_Study\PuzzleStudy\Resources\CloseNormal.png">
      <Filter>Resources</Filter>
    </ClInclude>
    <ClInclude Include="C:\UsingProjects\Cocos_Study\Puzzle_Study\PuzzleStudy\Resources\CloseSelected.png">
      <Filter>Resources</Filter>
    </ClInclude>
    <ClInclude Include="C:\UsingProjects\Cocos_Study\Puzzle_Study\PuzzleStudy\Resources\HelloWorld.png">
      <Filter>Resources</Filter>
    </ClInclude>
    <ClInclude Include="C:\UsingProjects\Cocos_Study\Puzzle_Study\PuzzleStudy\Resources\fonts\Marker Felt.ttf">
      <Filter>Resources\fonts</Filter>
    </ClInclude>
    <ClInclude Include="C:\UsingProjects\Cocos_Study\Puzzle_Study\PuzzleStudy\Resources\fonts\arial.ttf">
      <Filter>Resources\fonts</Filter>
    </ClInclude>
    <ClInclude Include="C:\UsingProjects\Cocos_Study\Puzzle_Study\PuzzleStudy\Resources\res\.gitkeep">
      <Filter>Resources\res</Filter>
    </ClInclude>
  </ItemGroup>
  <ItemGroup>
    <CustomBuild Include="C:\UsingProjects\Cocos_Study\Puzzle_Study\PuzzleStudy\CMakeLists.txt" />
  </ItemGroup>
  <ItemGroup>
    <ResourceCompile Include="C:\UsingProjects\Cocos_Study\Puzzle_Study\PuzzleStudy\proj.win32\game.rc">
      <Filter>Source Files\proj.win32</Filter>
    </ResourceCompile>
  </ItemGroup>
  <ItemGroup>
    <Filter Include="Resources">
      <UniqueIdentifier>{6A448666-829E-3517-ABFC-BF15CBDE1798}</UniqueIdentifier>
    </Filter>
    <Filter Include="Resources\fonts">
      <UniqueIdentifier>{9D6CCABC-1C04-37EF-8499-9CBF60F59230}</UniqueIdentifier>
    </Filter>
    <Filter Include="Resources\res">
      <UniqueIdentifier>{28A8875A-2262-3E93-9530-710497924902}</UniqueIdentifier>
    </Filter>
    <Filter Include="Source Files">
      <UniqueIdentifier>{A730206B-2B11-3449-8E41-F48318CFEE1A}</UniqueIdentifier>
    </Filter>
    <Filter Include="Source Files\Classes">
      <UniqueIdentifier>{DE10A500-1C4F-3A67-818E-4021E9D9B2A8}</UniqueIdentifier>
    </Filter>
    <Filter Include="Source Files\proj.win32">
      <UniqueIdentifier>{F5449DF4-FD0F-3772-A822-CB3AEDAF98E6}</UniqueIdentifier>
    </Filter>
  </ItemGroup>
</Project>
