
Microsoft Visual Studio Solution File, Format Version 12.00
# Visual Studio Version 16
Project("{2150E333-8FDC-42A3-9474-1A3956D46DE8}") = "CMakePredefinedTargets", "CMakePredefinedTargets", "{A69FAB91-9E84-3CBF-9C9B-E01717E041FF}"
EndProject
Project("{2150E333-8FDC-42A3-9474-1A3956D46DE8}") = "External", "External", "{F3C70F8E-CEC3-3775-83D3-B4B1E63EEFBF}"
EndProject
Project("{2150E333-8FDC-42A3-9474-1A3956D46DE8}") = "Internal", "Internal", "{EF07D78C-757A-35C9-850C-56DE315530EB}"
EndProject
Project("{2150E333-8FDC-42A3-9474-1A3956D46DE8}") = "Utils", "Utils", "{C34E91EB-5EB2-37E4-A765-977DD0F10BE9}"
EndProject
Project("{8BC9CEB8-8B4A-11D0-8D11-00A0C91BC942}") = "ALL_BUILD", "ALL_BUILD.vcxproj", "{EDB52CF6-F7A8-3BA3-AC78-227D8DDF8C99}"
	ProjectSection(ProjectDependencies) = postProject
		{B7889849-987C-3131-B322-2F791356ACD1} = {B7889849-987C-3131-B322-2F791356ACD1}
		{0F5F0D8F-8A80-306B-8A11-0D46B58665E5} = {0F5F0D8F-8A80-306B-8A11-0D46B58665E5}
		{704D4342-BC81-3519-BB5C-8B97ECE27FE4} = {704D4342-BC81-3519-BB5C-8B97ECE27FE4}
		{7952A6F0-3D44-3730-8776-B210B8A63044} = {7952A6F0-3D44-3730-8776-B210B8A63044}
		{1E40DAA7-1326-32DB-BA92-C8F00A0FE7F4} = {1E40DAA7-1326-32DB-BA92-C8F00A0FE7F4}
		{8BF2AEA9-3CC6-35BB-ACD6-9EFB30FF77BA} = {8BF2AEA9-3CC6-35BB-ACD6-9EFB30FF77BA}
		{F05C136E-D2AD-38E9-ADF5-9C9A46318B42} = {F05C136E-D2AD-38E9-ADF5-9C9A46318B42}
		{442E7A89-57A2-36F0-971A-390829C37DCF} = {442E7A89-57A2-36F0-971A-390829C37DCF}
		{661A52E5-1801-3A96-91CC-561EA6DD40AC} = {661A52E5-1801-3A96-91CC-561EA6DD40AC}
		{7DD5DF6A-A360-3655-8018-1457AE96A846} = {7DD5DF6A-A360-3655-8018-1457AE96A846}
		{D1A67F26-8153-33E7-A0E8-2A9BDC191475} = {D1A67F26-8153-33E7-A0E8-2A9BDC191475}
		{BABC6704-6C1F-3B93-B067-BF217CD6419C} = {BABC6704-6C1F-3B93-B067-BF217CD6419C}
		{EFD1250F-C228-349B-96C3-9DE26D7BEAB6} = {EFD1250F-C228-349B-96C3-9DE26D7BEAB6}
		{F332B8FF-0764-3F50-A938-1AE572576E4C} = {F332B8FF-0764-3F50-A938-1AE572576E4C}
		{CE8EC8A2-5D90-3E57-915C-C48A4F2502A8} = {CE8EC8A2-5D90-3E57-915C-C48A4F2502A8}
	EndProjectSection
EndProject
Project("{8BC9CEB8-8B4A-11D0-8D11-00A0C91BC942}") = "PuzzleStudy", "PuzzleStudy.vcxproj", "{B7889849-987C-3131-B322-2F791356ACD1}"
	ProjectSection(ProjectDependencies) = postProject
		{0F5F0D8F-8A80-306B-8A11-0D46B58665E5} = {0F5F0D8F-8A80-306B-8A11-0D46B58665E5}
		{704D4342-BC81-3519-BB5C-8B97ECE27FE4} = {704D4342-BC81-3519-BB5C-8B97ECE27FE4}
		{7952A6F0-3D44-3730-8776-B210B8A63044} = {7952A6F0-3D44-3730-8776-B210B8A63044}
		{1E40DAA7-1326-32DB-BA92-C8F00A0FE7F4} = {1E40DAA7-1326-32DB-BA92-C8F00A0FE7F4}
		{8BF2AEA9-3CC6-35BB-ACD6-9EFB30FF77BA} = {8BF2AEA9-3CC6-35BB-ACD6-9EFB30FF77BA}
		{F05C136E-D2AD-38E9-ADF5-9C9A46318B42} = {F05C136E-D2AD-38E9-ADF5-9C9A46318B42}
		{442E7A89-57A2-36F0-971A-390829C37DCF} = {442E7A89-57A2-36F0-971A-390829C37DCF}
		{661A52E5-1801-3A96-91CC-561EA6DD40AC} = {661A52E5-1801-3A96-91CC-561EA6DD40AC}
		{7DD5DF6A-A360-3655-8018-1457AE96A846} = {7DD5DF6A-A360-3655-8018-1457AE96A846}
		{D1A67F26-8153-33E7-A0E8-2A9BDC191475} = {D1A67F26-8153-33E7-A0E8-2A9BDC191475}
		{BABC6704-6C1F-3B93-B067-BF217CD6419C} = {BABC6704-6C1F-3B93-B067-BF217CD6419C}
		{EFD1250F-C228-349B-96C3-9DE26D7BEAB6} = {EFD1250F-C228-349B-96C3-9DE26D7BEAB6}
		{F332B8FF-0764-3F50-A938-1AE572576E4C} = {F332B8FF-0764-3F50-A938-1AE572576E4C}
		{CE8EC8A2-5D90-3E57-915C-C48A4F2502A8} = {CE8EC8A2-5D90-3E57-915C-C48A4F2502A8}
	EndProjectSection
EndProject
Project("{8BC9CEB8-8B4A-11D0-8D11-00A0C91BC942}") = "SYNC_RESOURCE-PuzzleStudy", "SYNC_RESOURCE-PuzzleStudy.vcxproj", "{0F5F0D8F-8A80-306B-8A11-0D46B58665E5}"
	ProjectSection(ProjectDependencies) = postProject
		{704D4342-BC81-3519-BB5C-8B97ECE27FE4} = {704D4342-BC81-3519-BB5C-8B97ECE27FE4}
	EndProjectSection
EndProject
Project("{8BC9CEB8-8B4A-11D0-8D11-00A0C91BC942}") = "ZERO_CHECK", "ZERO_CHECK.vcxproj", "{704D4342-BC81-3519-BB5C-8B97ECE27FE4}"
	ProjectSection(ProjectDependencies) = postProject
	EndProjectSection
EndProject
Project("{8BC9CEB8-8B4A-11D0-8D11-00A0C91BC942}") = "cocos2d", "engine\cocos\core\cocos2d.vcxproj", "{7952A6F0-3D44-3730-8776-B210B8A63044}"
	ProjectSection(ProjectDependencies) = postProject
		{704D4342-BC81-3519-BB5C-8B97ECE27FE4} = {704D4342-BC81-3519-BB5C-8B97ECE27FE4}
		{1E40DAA7-1326-32DB-BA92-C8F00A0FE7F4} = {1E40DAA7-1326-32DB-BA92-C8F00A0FE7F4}
		{8BF2AEA9-3CC6-35BB-ACD6-9EFB30FF77BA} = {8BF2AEA9-3CC6-35BB-ACD6-9EFB30FF77BA}
		{F05C136E-D2AD-38E9-ADF5-9C9A46318B42} = {F05C136E-D2AD-38E9-ADF5-9C9A46318B42}
		{442E7A89-57A2-36F0-971A-390829C37DCF} = {442E7A89-57A2-36F0-971A-390829C37DCF}
		{661A52E5-1801-3A96-91CC-561EA6DD40AC} = {661A52E5-1801-3A96-91CC-561EA6DD40AC}
		{7DD5DF6A-A360-3655-8018-1457AE96A846} = {7DD5DF6A-A360-3655-8018-1457AE96A846}
		{D1A67F26-8153-33E7-A0E8-2A9BDC191475} = {D1A67F26-8153-33E7-A0E8-2A9BDC191475}
		{BABC6704-6C1F-3B93-B067-BF217CD6419C} = {BABC6704-6C1F-3B93-B067-BF217CD6419C}
		{EFD1250F-C228-349B-96C3-9DE26D7BEAB6} = {EFD1250F-C228-349B-96C3-9DE26D7BEAB6}
		{F332B8FF-0764-3F50-A938-1AE572576E4C} = {F332B8FF-0764-3F50-A938-1AE572576E4C}
		{CE8EC8A2-5D90-3E57-915C-C48A4F2502A8} = {CE8EC8A2-5D90-3E57-915C-C48A4F2502A8}
	EndProjectSection
EndProject
Project("{8BC9CEB8-8B4A-11D0-8D11-00A0C91BC942}") = "ext_clipper", "engine\external\clipper\ext_clipper.vcxproj", "{1E40DAA7-1326-32DB-BA92-C8F00A0FE7F4}"
	ProjectSection(ProjectDependencies) = postProject
		{704D4342-BC81-3519-BB5C-8B97ECE27FE4} = {704D4342-BC81-3519-BB5C-8B97ECE27FE4}
	EndProjectSection
EndProject
Project("{8BC9CEB8-8B4A-11D0-8D11-00A0C91BC942}") = "ext_convertUTF", "engine\external\ConvertUTF\ext_convertUTF.vcxproj", "{8BF2AEA9-3CC6-35BB-ACD6-9EFB30FF77BA}"
	ProjectSection(ProjectDependencies) = postProject
		{704D4342-BC81-3519-BB5C-8B97ECE27FE4} = {704D4342-BC81-3519-BB5C-8B97ECE27FE4}
	EndProjectSection
EndProject
Project("{8BC9CEB8-8B4A-11D0-8D11-00A0C91BC942}") = "ext_edtaa3func", "engine\external\edtaa3func\ext_edtaa3func.vcxproj", "{F05C136E-D2AD-38E9-ADF5-9C9A46318B42}"
	ProjectSection(ProjectDependencies) = postProject
		{704D4342-BC81-3519-BB5C-8B97ECE27FE4} = {704D4342-BC81-3519-BB5C-8B97ECE27FE4}
	EndProjectSection
EndProject
Project("{8BC9CEB8-8B4A-11D0-8D11-00A0C91BC942}") = "ext_md5", "engine\external\md5\ext_md5.vcxproj", "{442E7A89-57A2-36F0-971A-390829C37DCF}"
	ProjectSection(ProjectDependencies) = postProject
		{704D4342-BC81-3519-BB5C-8B97ECE27FE4} = {704D4342-BC81-3519-BB5C-8B97ECE27FE4}
	EndProjectSection
EndProject
Project("{8BC9CEB8-8B4A-11D0-8D11-00A0C91BC942}") = "ext_poly2tri", "engine\external\poly2tri\ext_poly2tri.vcxproj", "{661A52E5-1801-3A96-91CC-561EA6DD40AC}"
	ProjectSection(ProjectDependencies) = postProject
		{704D4342-BC81-3519-BB5C-8B97ECE27FE4} = {704D4342-BC81-3519-BB5C-8B97ECE27FE4}
	EndProjectSection
EndProject
Project("{8BC9CEB8-8B4A-11D0-8D11-00A0C91BC942}") = "ext_recast", "engine\external\recast\ext_recast.vcxproj", "{7DD5DF6A-A360-3655-8018-1457AE96A846}"
	ProjectSection(ProjectDependencies) = postProject
		{704D4342-BC81-3519-BB5C-8B97ECE27FE4} = {704D4342-BC81-3519-BB5C-8B97ECE27FE4}
	EndProjectSection
EndProject
Project("{8BC9CEB8-8B4A-11D0-8D11-00A0C91BC942}") = "ext_tinyxml2", "engine\external\tinyxml2\ext_tinyxml2.vcxproj", "{D1A67F26-8153-33E7-A0E8-2A9BDC191475}"
	ProjectSection(ProjectDependencies) = postProject
		{704D4342-BC81-3519-BB5C-8B97ECE27FE4} = {704D4342-BC81-3519-BB5C-8B97ECE27FE4}
	EndProjectSection
EndProject
Project("{8BC9CEB8-8B4A-11D0-8D11-00A0C91BC942}") = "ext_unzip", "engine\external\unzip\ext_unzip.vcxproj", "{BABC6704-6C1F-3B93-B067-BF217CD6419C}"
	ProjectSection(ProjectDependencies) = postProject
		{704D4342-BC81-3519-BB5C-8B97ECE27FE4} = {704D4342-BC81-3519-BB5C-8B97ECE27FE4}
	EndProjectSection
EndProject
Project("{8BC9CEB8-8B4A-11D0-8D11-00A0C91BC942}") = "ext_xxhash", "engine\external\xxhash\ext_xxhash.vcxproj", "{EFD1250F-C228-349B-96C3-9DE26D7BEAB6}"
	ProjectSection(ProjectDependencies) = postProject
		{704D4342-BC81-3519-BB5C-8B97ECE27FE4} = {704D4342-BC81-3519-BB5C-8B97ECE27FE4}
	EndProjectSection
EndProject
Project("{8BC9CEB8-8B4A-11D0-8D11-00A0C91BC942}") = "ext_xxtea", "engine\external\xxtea\ext_xxtea.vcxproj", "{F332B8FF-0764-3F50-A938-1AE572576E4C}"
	ProjectSection(ProjectDependencies) = postProject
		{704D4342-BC81-3519-BB5C-8B97ECE27FE4} = {704D4342-BC81-3519-BB5C-8B97ECE27FE4}
	EndProjectSection
EndProject
Project("{8BC9CEB8-8B4A-11D0-8D11-00A0C91BC942}") = "external", "engine\external\external.vcxproj", "{CE8EC8A2-5D90-3E57-915C-C48A4F2502A8}"
	ProjectSection(ProjectDependencies) = postProject
		{704D4342-BC81-3519-BB5C-8B97ECE27FE4} = {704D4342-BC81-3519-BB5C-8B97ECE27FE4}
		{1E40DAA7-1326-32DB-BA92-C8F00A0FE7F4} = {1E40DAA7-1326-32DB-BA92-C8F00A0FE7F4}
		{8BF2AEA9-3CC6-35BB-ACD6-9EFB30FF77BA} = {8BF2AEA9-3CC6-35BB-ACD6-9EFB30FF77BA}
		{F05C136E-D2AD-38E9-ADF5-9C9A46318B42} = {F05C136E-D2AD-38E9-ADF5-9C9A46318B42}
		{442E7A89-57A2-36F0-971A-390829C37DCF} = {442E7A89-57A2-36F0-971A-390829C37DCF}
		{661A52E5-1801-3A96-91CC-561EA6DD40AC} = {661A52E5-1801-3A96-91CC-561EA6DD40AC}
		{7DD5DF6A-A360-3655-8018-1457AE96A846} = {7DD5DF6A-A360-3655-8018-1457AE96A846}
		{D1A67F26-8153-33E7-A0E8-2A9BDC191475} = {D1A67F26-8153-33E7-A0E8-2A9BDC191475}
		{BABC6704-6C1F-3B93-B067-BF217CD6419C} = {BABC6704-6C1F-3B93-B067-BF217CD6419C}
		{EFD1250F-C228-349B-96C3-9DE26D7BEAB6} = {EFD1250F-C228-349B-96C3-9DE26D7BEAB6}
		{F332B8FF-0764-3F50-A938-1AE572576E4C} = {F332B8FF-0764-3F50-A938-1AE572576E4C}
	EndProjectSection
EndProject
Global
	GlobalSection(SolutionConfigurationPlatforms) = preSolution
		Debug|x64 = Debug|x64
		Release|x64 = Release|x64
		MinSizeRel|x64 = MinSizeRel|x64
		RelWithDebInfo|x64 = RelWithDebInfo|x64
	EndGlobalSection
	GlobalSection(ProjectConfigurationPlatforms) = postSolution
		{EDB52CF6-F7A8-3BA3-AC78-227D8DDF8C99}.Debug|x64.ActiveCfg = Debug|x64
		{EDB52CF6-F7A8-3BA3-AC78-227D8DDF8C99}.Release|x64.ActiveCfg = Release|x64
		{EDB52CF6-F7A8-3BA3-AC78-227D8DDF8C99}.MinSizeRel|x64.ActiveCfg = MinSizeRel|x64
		{EDB52CF6-F7A8-3BA3-AC78-227D8DDF8C99}.RelWithDebInfo|x64.ActiveCfg = RelWithDebInfo|x64
		{B7889849-987C-3131-B322-2F791356ACD1}.Debug|x64.ActiveCfg = Debug|x64
		{B7889849-987C-3131-B322-2F791356ACD1}.Debug|x64.Build.0 = Debug|x64
		{B7889849-987C-3131-B322-2F791356ACD1}.Release|x64.ActiveCfg = Release|x64
		{B7889849-987C-3131-B322-2F791356ACD1}.Release|x64.Build.0 = Release|x64
		{B7889849-987C-3131-B322-2F791356ACD1}.MinSizeRel|x64.ActiveCfg = MinSizeRel|x64
		{B7889849-987C-3131-B322-2F791356ACD1}.MinSizeRel|x64.Build.0 = MinSizeRel|x64
		{B7889849-987C-3131-B322-2F791356ACD1}.RelWithDebInfo|x64.ActiveCfg = RelWithDebInfo|x64
		{B7889849-987C-3131-B322-2F791356ACD1}.RelWithDebInfo|x64.Build.0 = RelWithDebInfo|x64
		{0F5F0D8F-8A80-306B-8A11-0D46B58665E5}.Debug|x64.ActiveCfg = Debug|x64
		{0F5F0D8F-8A80-306B-8A11-0D46B58665E5}.Debug|x64.Build.0 = Debug|x64
		{0F5F0D8F-8A80-306B-8A11-0D46B58665E5}.Release|x64.ActiveCfg = Release|x64
		{0F5F0D8F-8A80-306B-8A11-0D46B58665E5}.Release|x64.Build.0 = Release|x64
		{0F5F0D8F-8A80-306B-8A11-0D46B58665E5}.MinSizeRel|x64.ActiveCfg = MinSizeRel|x64
		{0F5F0D8F-8A80-306B-8A11-0D46B58665E5}.MinSizeRel|x64.Build.0 = MinSizeRel|x64
		{0F5F0D8F-8A80-306B-8A11-0D46B58665E5}.RelWithDebInfo|x64.ActiveCfg = RelWithDebInfo|x64
		{0F5F0D8F-8A80-306B-8A11-0D46B58665E5}.RelWithDebInfo|x64.Build.0 = RelWithDebInfo|x64
		{704D4342-BC81-3519-BB5C-8B97ECE27FE4}.Debug|x64.ActiveCfg = Debug|x64
		{704D4342-BC81-3519-BB5C-8B97ECE27FE4}.Debug|x64.Build.0 = Debug|x64
		{704D4342-BC81-3519-BB5C-8B97ECE27FE4}.Release|x64.ActiveCfg = Release|x64
		{704D4342-BC81-3519-BB5C-8B97ECE27FE4}.Release|x64.Build.0 = Release|x64
		{704D4342-BC81-3519-BB5C-8B97ECE27FE4}.MinSizeRel|x64.ActiveCfg = MinSizeRel|x64
		{704D4342-BC81-3519-BB5C-8B97ECE27FE4}.MinSizeRel|x64.Build.0 = MinSizeRel|x64
		{704D4342-BC81-3519-BB5C-8B97ECE27FE4}.RelWithDebInfo|x64.ActiveCfg = RelWithDebInfo|x64
		{704D4342-BC81-3519-BB5C-8B97ECE27FE4}.RelWithDebInfo|x64.Build.0 = RelWithDebInfo|x64
		{7952A6F0-3D44-3730-8776-B210B8A63044}.Debug|x64.ActiveCfg = Debug|x64
		{7952A6F0-3D44-3730-8776-B210B8A63044}.Debug|x64.Build.0 = Debug|x64
		{7952A6F0-3D44-3730-8776-B210B8A63044}.Release|x64.ActiveCfg = Release|x64
		{7952A6F0-3D44-3730-8776-B210B8A63044}.Release|x64.Build.0 = Release|x64
		{7952A6F0-3D44-3730-8776-B210B8A63044}.MinSizeRel|x64.ActiveCfg = MinSizeRel|x64
		{7952A6F0-3D44-3730-8776-B210B8A63044}.MinSizeRel|x64.Build.0 = MinSizeRel|x64
		{7952A6F0-3D44-3730-8776-B210B8A63044}.RelWithDebInfo|x64.ActiveCfg = RelWithDebInfo|x64
		{7952A6F0-3D44-3730-8776-B210B8A63044}.RelWithDebInfo|x64.Build.0 = RelWithDebInfo|x64
		{1E40DAA7-1326-32DB-BA92-C8F00A0FE7F4}.Debug|x64.ActiveCfg = Debug|x64
		{1E40DAA7-1326-32DB-BA92-C8F00A0FE7F4}.Debug|x64.Build.0 = Debug|x64
		{1E40DAA7-1326-32DB-BA92-C8F00A0FE7F4}.Release|x64.ActiveCfg = Release|x64
		{1E40DAA7-1326-32DB-BA92-C8F00A0FE7F4}.Release|x64.Build.0 = Release|x64
		{1E40DAA7-1326-32DB-BA92-C8F00A0FE7F4}.MinSizeRel|x64.ActiveCfg = MinSizeRel|x64
		{1E40DAA7-1326-32DB-BA92-C8F00A0FE7F4}.MinSizeRel|x64.Build.0 = MinSizeRel|x64
		{1E40DAA7-1326-32DB-BA92-C8F00A0FE7F4}.RelWithDebInfo|x64.ActiveCfg = RelWithDebInfo|x64
		{1E40DAA7-1326-32DB-BA92-C8F00A0FE7F4}.RelWithDebInfo|x64.Build.0 = RelWithDebInfo|x64
		{8BF2AEA9-3CC6-35BB-ACD6-9EFB30FF77BA}.Debug|x64.ActiveCfg = Debug|x64
		{8BF2AEA9-3CC6-35BB-ACD6-9EFB30FF77BA}.Debug|x64.Build.0 = Debug|x64
		{8BF2AEA9-3CC6-35BB-ACD6-9EFB30FF77BA}.Release|x64.ActiveCfg = Release|x64
		{8BF2AEA9-3CC6-35BB-ACD6-9EFB30FF77BA}.Release|x64.Build.0 = Release|x64
		{8BF2AEA9-3CC6-35BB-ACD6-9EFB30FF77BA}.MinSizeRel|x64.ActiveCfg = MinSizeRel|x64
		{8BF2AEA9-3CC6-35BB-ACD6-9EFB30FF77BA}.MinSizeRel|x64.Build.0 = MinSizeRel|x64
		{8BF2AEA9-3CC6-35BB-ACD6-9EFB30FF77BA}.RelWithDebInfo|x64.ActiveCfg = RelWithDebInfo|x64
		{8BF2AEA9-3CC6-35BB-ACD6-9EFB30FF77BA}.RelWithDebInfo|x64.Build.0 = RelWithDebInfo|x64
		{F05C136E-D2AD-38E9-ADF5-9C9A46318B42}.Debug|x64.ActiveCfg = Debug|x64
		{F05C136E-D2AD-38E9-ADF5-9C9A46318B42}.Debug|x64.Build.0 = Debug|x64
		{F05C136E-D2AD-38E9-ADF5-9C9A46318B42}.Release|x64.ActiveCfg = Release|x64
		{F05C136E-D2AD-38E9-ADF5-9C9A46318B42}.Release|x64.Build.0 = Release|x64
		{F05C136E-D2AD-38E9-ADF5-9C9A46318B42}.MinSizeRel|x64.ActiveCfg = MinSizeRel|x64
		{F05C136E-D2AD-38E9-ADF5-9C9A46318B42}.MinSizeRel|x64.Build.0 = MinSizeRel|x64
		{F05C136E-D2AD-38E9-ADF5-9C9A46318B42}.RelWithDebInfo|x64.ActiveCfg = RelWithDebInfo|x64
		{F05C136E-D2AD-38E9-ADF5-9C9A46318B42}.RelWithDebInfo|x64.Build.0 = RelWithDebInfo|x64
		{442E7A89-57A2-36F0-971A-390829C37DCF}.Debug|x64.ActiveCfg = Debug|x64
		{442E7A89-57A2-36F0-971A-390829C37DCF}.Debug|x64.Build.0 = Debug|x64
		{442E7A89-57A2-36F0-971A-390829C37DCF}.Release|x64.ActiveCfg = Release|x64
		{442E7A89-57A2-36F0-971A-390829C37DCF}.Release|x64.Build.0 = Release|x64
		{442E7A89-57A2-36F0-971A-390829C37DCF}.MinSizeRel|x64.ActiveCfg = MinSizeRel|x64
		{442E7A89-57A2-36F0-971A-390829C37DCF}.MinSizeRel|x64.Build.0 = MinSizeRel|x64
		{442E7A89-57A2-36F0-971A-390829C37DCF}.RelWithDebInfo|x64.ActiveCfg = RelWithDebInfo|x64
		{442E7A89-57A2-36F0-971A-390829C37DCF}.RelWithDebInfo|x64.Build.0 = RelWithDebInfo|x64
		{661A52E5-1801-3A96-91CC-561EA6DD40AC}.Debug|x64.ActiveCfg = Debug|x64
		{661A52E5-1801-3A96-91CC-561EA6DD40AC}.Debug|x64.Build.0 = Debug|x64
		{661A52E5-1801-3A96-91CC-561EA6DD40AC}.Release|x64.ActiveCfg = Release|x64
		{661A52E5-1801-3A96-91CC-561EA6DD40AC}.Release|x64.Build.0 = Release|x64
		{661A52E5-1801-3A96-91CC-561EA6DD40AC}.MinSizeRel|x64.ActiveCfg = MinSizeRel|x64
		{661A52E5-1801-3A96-91CC-561EA6DD40AC}.MinSizeRel|x64.Build.0 = MinSizeRel|x64
		{661A52E5-1801-3A96-91CC-561EA6DD40AC}.RelWithDebInfo|x64.ActiveCfg = RelWithDebInfo|x64
		{661A52E5-1801-3A96-91CC-561EA6DD40AC}.RelWithDebInfo|x64.Build.0 = RelWithDebInfo|x64
		{7DD5DF6A-A360-3655-8018-1457AE96A846}.Debug|x64.ActiveCfg = Debug|x64
		{7DD5DF6A-A360-3655-8018-1457AE96A846}.Debug|x64.Build.0 = Debug|x64
		{7DD5DF6A-A360-3655-8018-1457AE96A846}.Release|x64.ActiveCfg = Release|x64
		{7DD5DF6A-A360-3655-8018-1457AE96A846}.Release|x64.Build.0 = Release|x64
		{7DD5DF6A-A360-3655-8018-1457AE96A846}.MinSizeRel|x64.ActiveCfg = MinSizeRel|x64
		{7DD5DF6A-A360-3655-8018-1457AE96A846}.MinSizeRel|x64.Build.0 = MinSizeRel|x64
		{7DD5DF6A-A360-3655-8018-1457AE96A846}.RelWithDebInfo|x64.ActiveCfg = RelWithDebInfo|x64
		{7DD5DF6A-A360-3655-8018-1457AE96A846}.RelWithDebInfo|x64.Build.0 = RelWithDebInfo|x64
		{D1A67F26-8153-33E7-A0E8-2A9BDC191475}.Debug|x64.ActiveCfg = Debug|x64
		{D1A67F26-8153-33E7-A0E8-2A9BDC191475}.Debug|x64.Build.0 = Debug|x64
		{D1A67F26-8153-33E7-A0E8-2A9BDC191475}.Release|x64.ActiveCfg = Release|x64
		{D1A67F26-8153-33E7-A0E8-2A9BDC191475}.Release|x64.Build.0 = Release|x64
		{D1A67F26-8153-33E7-A0E8-2A9BDC191475}.MinSizeRel|x64.ActiveCfg = MinSizeRel|x64
		{D1A67F26-8153-33E7-A0E8-2A9BDC191475}.MinSizeRel|x64.Build.0 = MinSizeRel|x64
		{D1A67F26-8153-33E7-A0E8-2A9BDC191475}.RelWithDebInfo|x64.ActiveCfg = RelWithDebInfo|x64
		{D1A67F26-8153-33E7-A0E8-2A9BDC191475}.RelWithDebInfo|x64.Build.0 = RelWithDebInfo|x64
		{BABC6704-6C1F-3B93-B067-BF217CD6419C}.Debug|x64.ActiveCfg = Debug|x64
		{BABC6704-6C1F-3B93-B067-BF217CD6419C}.Debug|x64.Build.0 = Debug|x64
		{BABC6704-6C1F-3B93-B067-BF217CD6419C}.Release|x64.ActiveCfg = Release|x64
		{BABC6704-6C1F-3B93-B067-BF217CD6419C}.Release|x64.Build.0 = Release|x64
		{BABC6704-6C1F-3B93-B067-BF217CD6419C}.MinSizeRel|x64.ActiveCfg = MinSizeRel|x64
		{BABC6704-6C1F-3B93-B067-BF217CD6419C}.MinSizeRel|x64.Build.0 = MinSizeRel|x64
		{BABC6704-6C1F-3B93-B067-BF217CD6419C}.RelWithDebInfo|x64.ActiveCfg = RelWithDebInfo|x64
		{BABC6704-6C1F-3B93-B067-BF217CD6419C}.RelWithDebInfo|x64.Build.0 = RelWithDebInfo|x64
		{EFD1250F-C228-349B-96C3-9DE26D7BEAB6}.Debug|x64.ActiveCfg = Debug|x64
		{EFD1250F-C228-349B-96C3-9DE26D7BEAB6}.Debug|x64.Build.0 = Debug|x64
		{EFD1250F-C228-349B-96C3-9DE26D7BEAB6}.Release|x64.ActiveCfg = Release|x64
		{EFD1250F-C228-349B-96C3-9DE26D7BEAB6}.Release|x64.Build.0 = Release|x64
		{EFD1250F-C228-349B-96C3-9DE26D7BEAB6}.MinSizeRel|x64.ActiveCfg = MinSizeRel|x64
		{EFD1250F-C228-349B-96C3-9DE26D7BEAB6}.MinSizeRel|x64.Build.0 = MinSizeRel|x64
		{EFD1250F-C228-349B-96C3-9DE26D7BEAB6}.RelWithDebInfo|x64.ActiveCfg = RelWithDebInfo|x64
		{EFD1250F-C228-349B-96C3-9DE26D7BEAB6}.RelWithDebInfo|x64.Build.0 = RelWithDebInfo|x64
		{F332B8FF-0764-3F50-A938-1AE572576E4C}.Debug|x64.ActiveCfg = Debug|x64
		{F332B8FF-0764-3F50-A938-1AE572576E4C}.Debug|x64.Build.0 = Debug|x64
		{F332B8FF-0764-3F50-A938-1AE572576E4C}.Release|x64.ActiveCfg = Release|x64
		{F332B8FF-0764-3F50-A938-1AE572576E4C}.Release|x64.Build.0 = Release|x64
		{F332B8FF-0764-3F50-A938-1AE572576E4C}.MinSizeRel|x64.ActiveCfg = MinSizeRel|x64
		{F332B8FF-0764-3F50-A938-1AE572576E4C}.MinSizeRel|x64.Build.0 = MinSizeRel|x64
		{F332B8FF-0764-3F50-A938-1AE572576E4C}.RelWithDebInfo|x64.ActiveCfg = RelWithDebInfo|x64
		{F332B8FF-0764-3F50-A938-1AE572576E4C}.RelWithDebInfo|x64.Build.0 = RelWithDebInfo|x64
		{CE8EC8A2-5D90-3E57-915C-C48A4F2502A8}.Debug|x64.ActiveCfg = Debug|x64
		{CE8EC8A2-5D90-3E57-915C-C48A4F2502A8}.Debug|x64.Build.0 = Debug|x64
		{CE8EC8A2-5D90-3E57-915C-C48A4F2502A8}.Release|x64.ActiveCfg = Release|x64
		{CE8EC8A2-5D90-3E57-915C-C48A4F2502A8}.Release|x64.Build.0 = Release|x64
		{CE8EC8A2-5D90-3E57-915C-C48A4F2502A8}.MinSizeRel|x64.ActiveCfg = MinSizeRel|x64
		{CE8EC8A2-5D90-3E57-915C-C48A4F2502A8}.MinSizeRel|x64.Build.0 = MinSizeRel|x64
		{CE8EC8A2-5D90-3E57-915C-C48A4F2502A8}.RelWithDebInfo|x64.ActiveCfg = RelWithDebInfo|x64
		{CE8EC8A2-5D90-3E57-915C-C48A4F2502A8}.RelWithDebInfo|x64.Build.0 = RelWithDebInfo|x64
	EndGlobalSection
	GlobalSection(NestedProjects) = preSolution
		{EDB52CF6-F7A8-3BA3-AC78-227D8DDF8C99} = {A69FAB91-9E84-3CBF-9C9B-E01717E041FF}
		{704D4342-BC81-3519-BB5C-8B97ECE27FE4} = {A69FAB91-9E84-3CBF-9C9B-E01717E041FF}
		{1E40DAA7-1326-32DB-BA92-C8F00A0FE7F4} = {F3C70F8E-CEC3-3775-83D3-B4B1E63EEFBF}
		{8BF2AEA9-3CC6-35BB-ACD6-9EFB30FF77BA} = {F3C70F8E-CEC3-3775-83D3-B4B1E63EEFBF}
		{F05C136E-D2AD-38E9-ADF5-9C9A46318B42} = {F3C70F8E-CEC3-3775-83D3-B4B1E63EEFBF}
		{442E7A89-57A2-36F0-971A-390829C37DCF} = {F3C70F8E-CEC3-3775-83D3-B4B1E63EEFBF}
		{661A52E5-1801-3A96-91CC-561EA6DD40AC} = {F3C70F8E-CEC3-3775-83D3-B4B1E63EEFBF}
		{7DD5DF6A-A360-3655-8018-1457AE96A846} = {F3C70F8E-CEC3-3775-83D3-B4B1E63EEFBF}
		{D1A67F26-8153-33E7-A0E8-2A9BDC191475} = {F3C70F8E-CEC3-3775-83D3-B4B1E63EEFBF}
		{BABC6704-6C1F-3B93-B067-BF217CD6419C} = {F3C70F8E-CEC3-3775-83D3-B4B1E63EEFBF}
		{EFD1250F-C228-349B-96C3-9DE26D7BEAB6} = {F3C70F8E-CEC3-3775-83D3-B4B1E63EEFBF}
		{F332B8FF-0764-3F50-A938-1AE572576E4C} = {F3C70F8E-CEC3-3775-83D3-B4B1E63EEFBF}
		{CE8EC8A2-5D90-3E57-915C-C48A4F2502A8} = {F3C70F8E-CEC3-3775-83D3-B4B1E63EEFBF}
		{7952A6F0-3D44-3730-8776-B210B8A63044} = {EF07D78C-757A-35C9-850C-56DE315530EB}
		{0F5F0D8F-8A80-306B-8A11-0D46B58665E5} = {C34E91EB-5EB2-37E4-A765-977DD0F10BE9}
	EndGlobalSection
	GlobalSection(ExtensibilityGlobals) = postSolution
		SolutionGuid = {F7AF40EB-1E1D-3521-8B8D-64DAB4438169}
	EndGlobalSection
	GlobalSection(ExtensibilityAddIns) = postSolution
	EndGlobalSection
EndGlobal
